// !$*UTF8*$!
{
	archiveVersion = 1;
	classes = {
	};
	objectVersion = 56;
	objects = {

/* Begin PBXBuildFile section */
		4BED44B762702C0EEBF786E3 /* Pods_Neobis_iOS_WeatherApp.framework in Frameworks */ = {isa = PBXBuildFile; fileRef = 3A365CAB1E4B2F764F851538 /* Pods_Neobis_iOS_WeatherApp.framework */; };
		C62FC82D29FB3230001945E7 /* WeatherViewModel.swift in Sources */ = {isa = PBXBuildFile; fileRef = C62FC82C29FB3230001945E7 /* WeatherViewModel.swift */; };
		C62FC82F29FB32B2001945E7 /* MainFlowNavigation.swift in Sources */ = {isa = PBXBuildFile; fileRef = C62FC82E29FB32B2001945E7 /* MainFlowNavigation.swift */; };
		C62FC83329FB42CC001945E7 /* UIView+ Extension.swift in Sources */ = {isa = PBXBuildFile; fileRef = C62FC83229FB42CC001945E7 /* UIView+ Extension.swift */; };
		C62FC83A29FB5E5F001945E7 /* LoadingScreen.swift in Sources */ = {isa = PBXBuildFile; fileRef = C62FC83929FB5E5F001945E7 /* LoadingScreen.swift */; };
		C62FC83C29FC60BB001945E7 /* AboutScreen.swift in Sources */ = {isa = PBXBuildFile; fileRef = C62FC83B29FC60BB001945E7 /* AboutScreen.swift */; };
		C62FC84629FC6F3F001945E7 /* SearchViewModel.swift in Sources */ = {isa = PBXBuildFile; fileRef = C62FC84529FC6F3F001945E7 /* SearchViewModel.swift */; };
		C62FC84829FC7037001945E7 /* WeatherModelAPI.swift in Sources */ = {isa = PBXBuildFile; fileRef = C62FC84729FC7037001945E7 /* WeatherModelAPI.swift */; };
		C62FC84A29FC7821001945E7 /* ErrorScreen.swift in Sources */ = {isa = PBXBuildFile; fileRef = C62FC84929FC7821001945E7 /* ErrorScreen.swift */; };
		C62FC84C29FCA057001945E7 /* NetworkServiceImplementation.swift in Sources */ = {isa = PBXBuildFile; fileRef = C62FC84B29FCA057001945E7 /* NetworkServiceImplementation.swift */; };
		C63D93952A04814A0006BFE8 /* WeatherModuleBuilder.swift in Sources */ = {isa = PBXBuildFile; fileRef = C63D93942A04814A0006BFE8 /* WeatherModuleBuilder.swift */; };
		C63D93982A0482220006BFE8 /* SearchModuleBuilder.swift in Sources */ = {isa = PBXBuildFile; fileRef = C63D93972A0482220006BFE8 /* SearchModuleBuilder.swift */; };
		C63D939A2A048E5A0006BFE8 /* WeekDayModelDomain.swift in Sources */ = {isa = PBXBuildFile; fileRef = C63D93992A048E5A0006BFE8 /* WeekDayModelDomain.swift */; };
		C63D939C2A0491D20006BFE8 /* WeatherModelDomain.swift in Sources */ = {isa = PBXBuildFile; fileRef = C63D939B2A0491D20006BFE8 /* WeatherModelDomain.swift */; };
		C642C5C52A0327C70090AE4D /* WeatherViewController.swift in Sources */ = {isa = PBXBuildFile; fileRef = C642C5C42A0327C70090AE4D /* WeatherViewController.swift */; };
		C642C5C72A032BE50090AE4D /* WeatherErrorView.swift in Sources */ = {isa = PBXBuildFile; fileRef = C642C5C62A032BE50090AE4D /* WeatherErrorView.swift */; };
		C65E85712A0C45C4004421F3 /* APIKey.swift in Sources */ = {isa = PBXBuildFile; fileRef = C65E85702A0C45C4004421F3 /* APIKey.swift */; };
		C65E85732A0C45FF004421F3 /* GeoModelDomain.swift in Sources */ = {isa = PBXBuildFile; fileRef = C65E85722A0C45FF004421F3 /* GeoModelDomain.swift */; };
		C65E85772A0C478A004421F3 /* WeatherRepository.swift in Sources */ = {isa = PBXBuildFile; fileRef = C65E85762A0C478A004421F3 /* WeatherRepository.swift */; };
		C65E857A2A0C47CB004421F3 /* GeoRepository.swift in Sources */ = {isa = PBXBuildFile; fileRef = C65E85792A0C47CB004421F3 /* GeoRepository.swift */; };
		C65E857C2A0C47E9004421F3 /* WeatherRepositoryImpl.swift in Sources */ = {isa = PBXBuildFile; fileRef = C65E857B2A0C47E9004421F3 /* WeatherRepositoryImpl.swift */; };
		C65E857E2A0C535C004421F3 /* GeoRepositoryImpl.swift in Sources */ = {isa = PBXBuildFile; fileRef = C65E857D2A0C535C004421F3 /* GeoRepositoryImpl.swift */; };
		C65F84282A09768400BB0F3D /* RequestType.swift in Sources */ = {isa = PBXBuildFile; fileRef = C65F84272A09768400BB0F3D /* RequestType.swift */; };
		C65F842A2A09771800BB0F3D /* HTTPMethod.swift in Sources */ = {isa = PBXBuildFile; fileRef = C65F84292A09771800BB0F3D /* HTTPMethod.swift */; };
		C65F842C2A0978B900BB0F3D /* RequestConfig.swift in Sources */ = {isa = PBXBuildFile; fileRef = C65F842B2A0978B900BB0F3D /* RequestConfig.swift */; };
		C65F842E2A0999CD00BB0F3D /* WeatherRequest.swift in Sources */ = {isa = PBXBuildFile; fileRef = C65F842D2A0999CD00BB0F3D /* WeatherRequest.swift */; };
		C65F84302A099D0E00BB0F3D /* URLEncoder.swift in Sources */ = {isa = PBXBuildFile; fileRef = C65F842F2A099D0E00BB0F3D /* URLEncoder.swift */; };
		C65F84342A09AF7C00BB0F3D /* Encoder.swift in Sources */ = {isa = PBXBuildFile; fileRef = C65F84332A09AF7C00BB0F3D /* Encoder.swift */; };
		C65F84362A09CDE200BB0F3D /* RequestBuilder.swift in Sources */ = {isa = PBXBuildFile; fileRef = C65F84352A09CDE200BB0F3D /* RequestBuilder.swift */; };
		C65F843B2A09D89000BB0F3D /* GeoRequest.swift in Sources */ = {isa = PBXBuildFile; fileRef = C65F843A2A09D89000BB0F3D /* GeoRequest.swift */; };
		C68A270929FCB60000862000 /* CollectionViewCell.swift in Sources */ = {isa = PBXBuildFile; fileRef = C68A270829FCB60000862000 /* CollectionViewCell.swift */; };
		C68A270B29FDD7C600862000 /* UIImageView + Extension.swift in Sources */ = {isa = PBXBuildFile; fileRef = C68A270A29FDD7C600862000 /* UIImageView + Extension.swift */; };
		C68A270D29FDDAA100862000 /* ImageCache.swift in Sources */ = {isa = PBXBuildFile; fileRef = C68A270C29FDDAA100862000 /* ImageCache.swift */; };
		C68A271F2A00A5F400862000 /* UIViewController+Extension.swift in Sources */ = {isa = PBXBuildFile; fileRef = C68A271E2A00A5F400862000 /* UIViewController+Extension.swift */; };
		C68A27252A00AB1C00862000 /* WeatherViewContainer.swift in Sources */ = {isa = PBXBuildFile; fileRef = C68A27242A00AB1C00862000 /* WeatherViewContainer.swift */; };
		C68A27272A00AB4900862000 /* SearchViewContainer.swift in Sources */ = {isa = PBXBuildFile; fileRef = C68A27262A00AB4900862000 /* SearchViewContainer.swift */; };
		C6BA936C2A049B02001CEF69 /* TemperatureView.swift in Sources */ = {isa = PBXBuildFile; fileRef = C6BA93692A049B02001CEF69 /* TemperatureView.swift */; };
		C6BA936D2A049B02001CEF69 /* WeekDayView.swift in Sources */ = {isa = PBXBuildFile; fileRef = C6BA936A2A049B02001CEF69 /* WeekDayView.swift */; };
		C6BA936E2A049B02001CEF69 /* FiveDaysView.swift in Sources */ = {isa = PBXBuildFile; fileRef = C6BA936B2A049B02001CEF69 /* FiveDaysView.swift */; };
		C6D62EC429F6FF9700B33E9D /* AppDelegate.swift in Sources */ = {isa = PBXBuildFile; fileRef = C6D62EC329F6FF9700B33E9D /* AppDelegate.swift */; };
		C6D62EC629F6FF9700B33E9D /* SceneDelegate.swift in Sources */ = {isa = PBXBuildFile; fileRef = C6D62EC529F6FF9700B33E9D /* SceneDelegate.swift */; };
		C6D62EC829F6FF9700B33E9D /* WeatherSuccessView.swift in Sources */ = {isa = PBXBuildFile; fileRef = C6D62EC729F6FF9700B33E9D /* WeatherSuccessView.swift */; };
		C6D62ECD29F6FF9800B33E9D /* Assets.xcassets in Resources */ = {isa = PBXBuildFile; fileRef = C6D62ECC29F6FF9800B33E9D /* Assets.xcassets */; };
		C6D62ED029F6FF9800B33E9D /* LaunchScreen.storyboard in Resources */ = {isa = PBXBuildFile; fileRef = C6D62ECE29F6FF9800B33E9D /* LaunchScreen.storyboard */; };
		C6D62EE329F7010E00B33E9D /* Resources.swift in Sources */ = {isa = PBXBuildFile; fileRef = C6D62EE229F7010E00B33E9D /* Resources.swift */; };
		C6D62EF929F73C4E00B33E9D /* WeatherViewModelImpl.swift in Sources */ = {isa = PBXBuildFile; fileRef = C6D62EF829F73C4E00B33E9D /* WeatherViewModelImpl.swift */; };
		C6D62F0A29F7457400B33E9D /* FlowFactory.swift in Sources */ = {isa = PBXBuildFile; fileRef = C6D62F0929F7457400B33E9D /* FlowFactory.swift */; };
		C6D62F0C29F745BE00B33E9D /* FlowFactoryImplementation.swift in Sources */ = {isa = PBXBuildFile; fileRef = C6D62F0B29F745BE00B33E9D /* FlowFactoryImplementation.swift */; };
		C6D62F0E29F74C6000B33E9D /* MainFlowCoordinatorImplementation.swift in Sources */ = {isa = PBXBuildFile; fileRef = C6D62F0D29F74C6000B33E9D /* MainFlowCoordinatorImplementation.swift */; };
		C6D62F1129F74EDD00B33E9D /* SearchViewController.swift in Sources */ = {isa = PBXBuildFile; fileRef = C6D62F1029F74EDD00B33E9D /* SearchViewController.swift */; };
		C6D62F1329F74F1500B33E9D /* SearchViewModelImpl.swift in Sources */ = {isa = PBXBuildFile; fileRef = C6D62F1229F74F1500B33E9D /* SearchViewModelImpl.swift */; };
		C6D62F1829F750A500B33E9D /* DIContainer.swift in Sources */ = {isa = PBXBuildFile; fileRef = C6D62F1729F750A500B33E9D /* DIContainer.swift */; };
		C6D62F1B29F777F600B33E9D /* ViewModel.swift in Sources */ = {isa = PBXBuildFile; fileRef = C6D62F1A29F777F600B33E9D /* ViewModel.swift */; };
		C6D62F1F29F7831E00B33E9D /* AppCoordinator.swift in Sources */ = {isa = PBXBuildFile; fileRef = C6D62F1E29F7831E00B33E9D /* AppCoordinator.swift */; };
		C6D62F2129F7835900B33E9D /* AppNavigation.swift in Sources */ = {isa = PBXBuildFile; fileRef = C6D62F2029F7835900B33E9D /* AppNavigation.swift */; };
		C6D62F2429F8941000B33E9D /* UIColor+Extension.swift in Sources */ = {isa = PBXBuildFile; fileRef = C6D62F2329F8941000B33E9D /* UIColor+Extension.swift */; };
		C6D62F2729F89CF900B33E9D /* CustomLabel.swift in Sources */ = {isa = PBXBuildFile; fileRef = C6D62F2629F89CF900B33E9D /* CustomLabel.swift */; };
		C6D6304A29F8A08A00B33E9D /* Asap-VariableFont_wdth,wght.ttf in Resources */ = {isa = PBXBuildFile; fileRef = C6D62FEB29F8A08900B33E9D /* Asap-VariableFont_wdth,wght.ttf */; };
		C6D6304B29F8A08A00B33E9D /* Asap_SemiCondensed-MediumItalic.ttf in Resources */ = {isa = PBXBuildFile; fileRef = C6D62FED29F8A08900B33E9D /* Asap_SemiCondensed-MediumItalic.ttf */; };
		C6D6304C29F8A08A00B33E9D /* Asap-ExtraLight.ttf in Resources */ = {isa = PBXBuildFile; fileRef = C6D62FEE29F8A08900B33E9D /* Asap-ExtraLight.ttf */; };
		C6D6304D29F8A08A00B33E9D /* Asap_SemiCondensed-Italic.ttf in Resources */ = {isa = PBXBuildFile; fileRef = C6D62FEF29F8A08900B33E9D /* Asap_SemiCondensed-Italic.ttf */; };
		C6D6304E29F8A08A00B33E9D /* Asap-ThinItalic.ttf in Resources */ = {isa = PBXBuildFile; fileRef = C6D62FF029F8A08900B33E9D /* Asap-ThinItalic.ttf */; };
		C6D6304F29F8A08A00B33E9D /* Asap_Expanded-Light.ttf in Resources */ = {isa = PBXBuildFile; fileRef = C6D62FF129F8A08900B33E9D /* Asap_Expanded-Light.ttf */; };
		C6D6305029F8A08A00B33E9D /* Asap-Thin.ttf in Resources */ = {isa = PBXBuildFile; fileRef = C6D62FF229F8A08900B33E9D /* Asap-Thin.ttf */; };
		C6D6305129F8A08A00B33E9D /* Asap_Condensed-BlackItalic.ttf in Resources */ = {isa = PBXBuildFile; fileRef = C6D62FF329F8A08900B33E9D /* Asap_Condensed-BlackItalic.ttf */; };
		C6D6305229F8A08A00B33E9D /* Asap-ExtraBold.ttf in Resources */ = {isa = PBXBuildFile; fileRef = C6D62FF429F8A08900B33E9D /* Asap-ExtraBold.ttf */; };
		C6D6305329F8A08A00B33E9D /* Asap_SemiExpanded-SemiBold.ttf in Resources */ = {isa = PBXBuildFile; fileRef = C6D62FF529F8A08900B33E9D /* Asap_SemiExpanded-SemiBold.ttf */; };
		C6D6305429F8A08A00B33E9D /* Asap-BoldItalic.ttf in Resources */ = {isa = PBXBuildFile; fileRef = C6D62FF629F8A08900B33E9D /* Asap-BoldItalic.ttf */; };
		C6D6305529F8A08A00B33E9D /* Asap_Condensed-MediumItalic.ttf in Resources */ = {isa = PBXBuildFile; fileRef = C6D62FF729F8A08900B33E9D /* Asap_Condensed-MediumItalic.ttf */; };
		C6D6305629F8A08A00B33E9D /* Asap-MediumItalic.ttf in Resources */ = {isa = PBXBuildFile; fileRef = C6D62FF829F8A08900B33E9D /* Asap-MediumItalic.ttf */; };
		C6D6305729F8A08A00B33E9D /* Asap_SemiExpanded-ExtraBold.ttf in Resources */ = {isa = PBXBuildFile; fileRef = C6D62FF929F8A08900B33E9D /* Asap_SemiExpanded-ExtraBold.ttf */; };
		C6D6305829F8A08A00B33E9D /* Asap_SemiCondensed-ExtraLightItalic.ttf in Resources */ = {isa = PBXBuildFile; fileRef = C6D62FFA29F8A08900B33E9D /* Asap_SemiCondensed-ExtraLightItalic.ttf */; };
		C6D6305929F8A08A00B33E9D /* Asap_Condensed-ThinItalic.ttf in Resources */ = {isa = PBXBuildFile; fileRef = C6D62FFB29F8A08900B33E9D /* Asap_Condensed-ThinItalic.ttf */; };
		C6D6305A29F8A08A00B33E9D /* Asap_SemiExpanded-MediumItalic.ttf in Resources */ = {isa = PBXBuildFile; fileRef = C6D62FFC29F8A08900B33E9D /* Asap_SemiExpanded-MediumItalic.ttf */; };
		C6D6305B29F8A08A00B33E9D /* Asap-BlackItalic.ttf in Resources */ = {isa = PBXBuildFile; fileRef = C6D62FFD29F8A08900B33E9D /* Asap-BlackItalic.ttf */; };
		C6D6305C29F8A08A00B33E9D /* Asap_Condensed-ExtraLight.ttf in Resources */ = {isa = PBXBuildFile; fileRef = C6D62FFE29F8A08900B33E9D /* Asap_Condensed-ExtraLight.ttf */; };
		C6D6305D29F8A08A00B33E9D /* Asap_Expanded-LightItalic.ttf in Resources */ = {isa = PBXBuildFile; fileRef = C6D62FFF29F8A08900B33E9D /* Asap_Expanded-LightItalic.ttf */; };
		C6D6305E29F8A08A00B33E9D /* Asap_Expanded-Italic.ttf in Resources */ = {isa = PBXBuildFile; fileRef = C6D6300029F8A08900B33E9D /* Asap_Expanded-Italic.ttf */; };
		C6D6305F29F8A08A00B33E9D /* Asap-Medium.ttf in Resources */ = {isa = PBXBuildFile; fileRef = C6D6300129F8A08900B33E9D /* Asap-Medium.ttf */; };
		C6D6306029F8A08A00B33E9D /* Asap-Bold.ttf in Resources */ = {isa = PBXBuildFile; fileRef = C6D6300229F8A08900B33E9D /* Asap-Bold.ttf */; };
		C6D6306129F8A08A00B33E9D /* Asap_SemiExpanded-Regular.ttf in Resources */ = {isa = PBXBuildFile; fileRef = C6D6300329F8A08900B33E9D /* Asap_SemiExpanded-Regular.ttf */; };
		C6D6306229F8A08A00B33E9D /* Asap_Condensed-BoldItalic.ttf in Resources */ = {isa = PBXBuildFile; fileRef = C6D6300429F8A08900B33E9D /* Asap_Condensed-BoldItalic.ttf */; };
		C6D6306329F8A08A00B33E9D /* Asap_Condensed-Black.ttf in Resources */ = {isa = PBXBuildFile; fileRef = C6D6300529F8A08900B33E9D /* Asap_Condensed-Black.ttf */; };
		C6D6306429F8A08A00B33E9D /* Asap_SemiCondensed-Regular.ttf in Resources */ = {isa = PBXBuildFile; fileRef = C6D6300629F8A08900B33E9D /* Asap_SemiCondensed-Regular.ttf */; };
		C6D6306529F8A08A00B33E9D /* Asap_SemiExpanded-ExtraLightItalic.ttf in Resources */ = {isa = PBXBuildFile; fileRef = C6D6300729F8A08900B33E9D /* Asap_SemiExpanded-ExtraLightItalic.ttf */; };
		C6D6306629F8A08A00B33E9D /* Asap_Condensed-SemiBoldItalic.ttf in Resources */ = {isa = PBXBuildFile; fileRef = C6D6300829F8A08900B33E9D /* Asap_Condensed-SemiBoldItalic.ttf */; };
		C6D6306729F8A08A00B33E9D /* Asap_Expanded-ExtraBold.ttf in Resources */ = {isa = PBXBuildFile; fileRef = C6D6300929F8A08900B33E9D /* Asap_Expanded-ExtraBold.ttf */; };
		C6D6306829F8A08A00B33E9D /* Asap_Expanded-BoldItalic.ttf in Resources */ = {isa = PBXBuildFile; fileRef = C6D6300A29F8A08900B33E9D /* Asap_Expanded-BoldItalic.ttf */; };
		C6D6306929F8A08A00B33E9D /* Asap-LightItalic.ttf in Resources */ = {isa = PBXBuildFile; fileRef = C6D6300B29F8A08900B33E9D /* Asap-LightItalic.ttf */; };
		C6D6306A29F8A08A00B33E9D /* Asap-ExtraLightItalic.ttf in Resources */ = {isa = PBXBuildFile; fileRef = C6D6300C29F8A08900B33E9D /* Asap-ExtraLightItalic.ttf */; };
		C6D6306B29F8A08A00B33E9D /* Asap_SemiCondensed-Black.ttf in Resources */ = {isa = PBXBuildFile; fileRef = C6D6300D29F8A08900B33E9D /* Asap_SemiCondensed-Black.ttf */; };
		C6D6306C29F8A08A00B33E9D /* Asap_Expanded-ExtraLight.ttf in Resources */ = {isa = PBXBuildFile; fileRef = C6D6300E29F8A08900B33E9D /* Asap_Expanded-ExtraLight.ttf */; };
		C6D6306D29F8A08A00B33E9D /* Asap_Expanded-BlackItalic.ttf in Resources */ = {isa = PBXBuildFile; fileRef = C6D6300F29F8A08900B33E9D /* Asap_Expanded-BlackItalic.ttf */; };
		C6D6306E29F8A08A00B33E9D /* Asap_Expanded-Thin.ttf in Resources */ = {isa = PBXBuildFile; fileRef = C6D6301029F8A08900B33E9D /* Asap_Expanded-Thin.ttf */; };
		C6D6306F29F8A08A00B33E9D /* Asap_Expanded-ThinItalic.ttf in Resources */ = {isa = PBXBuildFile; fileRef = C6D6301129F8A08900B33E9D /* Asap_Expanded-ThinItalic.ttf */; };
		C6D6307029F8A08A00B33E9D /* Asap_Expanded-SemiBoldItalic.ttf in Resources */ = {isa = PBXBuildFile; fileRef = C6D6301229F8A08900B33E9D /* Asap_Expanded-SemiBoldItalic.ttf */; };
		C6D6307129F8A08A00B33E9D /* Asap_SemiExpanded-Italic.ttf in Resources */ = {isa = PBXBuildFile; fileRef = C6D6301329F8A08900B33E9D /* Asap_SemiExpanded-Italic.ttf */; };
		C6D6307229F8A08A00B33E9D /* Asap_Condensed-Medium.ttf in Resources */ = {isa = PBXBuildFile; fileRef = C6D6301429F8A08900B33E9D /* Asap_Condensed-Medium.ttf */; };
		C6D6307329F8A08A00B33E9D /* Asap-SemiBoldItalic.ttf in Resources */ = {isa = PBXBuildFile; fileRef = C6D6301529F8A08900B33E9D /* Asap-SemiBoldItalic.ttf */; };
		C6D6307429F8A08A00B33E9D /* Asap_SemiCondensed-ExtraBold.ttf in Resources */ = {isa = PBXBuildFile; fileRef = C6D6301629F8A08900B33E9D /* Asap_SemiCondensed-ExtraBold.ttf */; };
		C6D6307529F8A08A00B33E9D /* Asap_SemiExpanded-ExtraBoldItalic.ttf in Resources */ = {isa = PBXBuildFile; fileRef = C6D6301729F8A08900B33E9D /* Asap_SemiExpanded-ExtraBoldItalic.ttf */; };
		C6D6307629F8A08A00B33E9D /* Asap_Expanded-Bold.ttf in Resources */ = {isa = PBXBuildFile; fileRef = C6D6301829F8A08900B33E9D /* Asap_Expanded-Bold.ttf */; };
		C6D6307729F8A08A00B33E9D /* Asap_Condensed-LightItalic.ttf in Resources */ = {isa = PBXBuildFile; fileRef = C6D6301929F8A08900B33E9D /* Asap_Condensed-LightItalic.ttf */; };
		C6D6307829F8A08A00B33E9D /* Asap_SemiCondensed-ExtraBoldItalic.ttf in Resources */ = {isa = PBXBuildFile; fileRef = C6D6301A29F8A08900B33E9D /* Asap_SemiCondensed-ExtraBoldItalic.ttf */; };
		C6D6307929F8A08A00B33E9D /* Asap-Regular.ttf in Resources */ = {isa = PBXBuildFile; fileRef = C6D6301B29F8A08900B33E9D /* Asap-Regular.ttf */; };
		C6D6307A29F8A08A00B33E9D /* Asap-SemiBold.ttf in Resources */ = {isa = PBXBuildFile; fileRef = C6D6301C29F8A08900B33E9D /* Asap-SemiBold.ttf */; };
		C6D6307B29F8A08A00B33E9D /* Asap_SemiExpanded-Light.ttf in Resources */ = {isa = PBXBuildFile; fileRef = C6D6301D29F8A08900B33E9D /* Asap_SemiExpanded-Light.ttf */; };
		C6D6307C29F8A08A00B33E9D /* Asap-Black.ttf in Resources */ = {isa = PBXBuildFile; fileRef = C6D6301E29F8A08900B33E9D /* Asap-Black.ttf */; };
		C6D6307D29F8A08A00B33E9D /* Asap-ExtraBoldItalic.ttf in Resources */ = {isa = PBXBuildFile; fileRef = C6D6301F29F8A08900B33E9D /* Asap-ExtraBoldItalic.ttf */; };
		C6D6307E29F8A08A00B33E9D /* Asap_SemiCondensed-ThinItalic.ttf in Resources */ = {isa = PBXBuildFile; fileRef = C6D6302029F8A08900B33E9D /* Asap_SemiCondensed-ThinItalic.ttf */; };
		C6D6307F29F8A08A00B33E9D /* Asap_Expanded-SemiBold.ttf in Resources */ = {isa = PBXBuildFile; fileRef = C6D6302129F8A08900B33E9D /* Asap_Expanded-SemiBold.ttf */; };
		C6D6308029F8A08A00B33E9D /* Asap_SemiCondensed-SemiBoldItalic.ttf in Resources */ = {isa = PBXBuildFile; fileRef = C6D6302229F8A08900B33E9D /* Asap_SemiCondensed-SemiBoldItalic.ttf */; };
		C6D6308129F8A08A00B33E9D /* Asap_Condensed-ExtraLightItalic.ttf in Resources */ = {isa = PBXBuildFile; fileRef = C6D6302329F8A08900B33E9D /* Asap_Condensed-ExtraLightItalic.ttf */; };
		C6D6308229F8A08A00B33E9D /* Asap_SemiExpanded-Medium.ttf in Resources */ = {isa = PBXBuildFile; fileRef = C6D6302429F8A08900B33E9D /* Asap_SemiExpanded-Medium.ttf */; };
		C6D6308329F8A08A00B33E9D /* Asap_Condensed-Italic.ttf in Resources */ = {isa = PBXBuildFile; fileRef = C6D6302529F8A08900B33E9D /* Asap_Condensed-Italic.ttf */; };
		C6D6308429F8A08A00B33E9D /* Asap_SemiCondensed-ExtraLight.ttf in Resources */ = {isa = PBXBuildFile; fileRef = C6D6302629F8A08900B33E9D /* Asap_SemiCondensed-ExtraLight.ttf */; };
		C6D6308529F8A08A00B33E9D /* Asap_SemiCondensed-BlackItalic.ttf in Resources */ = {isa = PBXBuildFile; fileRef = C6D6302729F8A08900B33E9D /* Asap_SemiCondensed-BlackItalic.ttf */; };
		C6D6308629F8A08A00B33E9D /* Asap_SemiExpanded-LightItalic.ttf in Resources */ = {isa = PBXBuildFile; fileRef = C6D6302829F8A08900B33E9D /* Asap_SemiExpanded-LightItalic.ttf */; };
		C6D6308729F8A08A00B33E9D /* Asap_SemiExpanded-Black.ttf in Resources */ = {isa = PBXBuildFile; fileRef = C6D6302929F8A08900B33E9D /* Asap_SemiExpanded-Black.ttf */; };
		C6D6308829F8A08A00B33E9D /* Asap-Light.ttf in Resources */ = {isa = PBXBuildFile; fileRef = C6D6302A29F8A08A00B33E9D /* Asap-Light.ttf */; };
		C6D6308929F8A08A00B33E9D /* Asap_SemiCondensed-BoldItalic.ttf in Resources */ = {isa = PBXBuildFile; fileRef = C6D6302B29F8A08A00B33E9D /* Asap_SemiCondensed-BoldItalic.ttf */; };
		C6D6308A29F8A08A00B33E9D /* Asap_SemiCondensed-SemiBold.ttf in Resources */ = {isa = PBXBuildFile; fileRef = C6D6302C29F8A08A00B33E9D /* Asap_SemiCondensed-SemiBold.ttf */; };
		C6D6308B29F8A08A00B33E9D /* Asap_SemiExpanded-Bold.ttf in Resources */ = {isa = PBXBuildFile; fileRef = C6D6302D29F8A08A00B33E9D /* Asap_SemiExpanded-Bold.ttf */; };
		C6D6308C29F8A08A00B33E9D /* Asap_Condensed-Thin.ttf in Resources */ = {isa = PBXBuildFile; fileRef = C6D6302E29F8A08A00B33E9D /* Asap_Condensed-Thin.ttf */; };
		C6D6308D29F8A08A00B33E9D /* Asap_Condensed-Bold.ttf in Resources */ = {isa = PBXBuildFile; fileRef = C6D6302F29F8A08A00B33E9D /* Asap_Condensed-Bold.ttf */; };
		C6D6308E29F8A08A00B33E9D /* Asap_SemiExpanded-Thin.ttf in Resources */ = {isa = PBXBuildFile; fileRef = C6D6303029F8A08A00B33E9D /* Asap_SemiExpanded-Thin.ttf */; };
		C6D6308F29F8A08A00B33E9D /* Asap_Expanded-MediumItalic.ttf in Resources */ = {isa = PBXBuildFile; fileRef = C6D6303129F8A08A00B33E9D /* Asap_Expanded-MediumItalic.ttf */; };
		C6D6309029F8A08A00B33E9D /* Asap_SemiExpanded-BoldItalic.ttf in Resources */ = {isa = PBXBuildFile; fileRef = C6D6303229F8A08A00B33E9D /* Asap_SemiExpanded-BoldItalic.ttf */; };
		C6D6309129F8A08A00B33E9D /* Asap_Condensed-Regular.ttf in Resources */ = {isa = PBXBuildFile; fileRef = C6D6303329F8A08A00B33E9D /* Asap_Condensed-Regular.ttf */; };
		C6D6309229F8A08A00B33E9D /* Asap_SemiExpanded-ThinItalic.ttf in Resources */ = {isa = PBXBuildFile; fileRef = C6D6303429F8A08A00B33E9D /* Asap_SemiExpanded-ThinItalic.ttf */; };
		C6D6309329F8A08A00B33E9D /* Asap_Condensed-ExtraBold.ttf in Resources */ = {isa = PBXBuildFile; fileRef = C6D6303529F8A08A00B33E9D /* Asap_Condensed-ExtraBold.ttf */; };
		C6D6309429F8A08A00B33E9D /* Asap_Expanded-Regular.ttf in Resources */ = {isa = PBXBuildFile; fileRef = C6D6303629F8A08A00B33E9D /* Asap_Expanded-Regular.ttf */; };
		C6D6309529F8A08A00B33E9D /* Asap_SemiCondensed-Light.ttf in Resources */ = {isa = PBXBuildFile; fileRef = C6D6303729F8A08A00B33E9D /* Asap_SemiCondensed-Light.ttf */; };
		C6D6309629F8A08A00B33E9D /* Asap_SemiExpanded-ExtraLight.ttf in Resources */ = {isa = PBXBuildFile; fileRef = C6D6303829F8A08A00B33E9D /* Asap_SemiExpanded-ExtraLight.ttf */; };
		C6D6309729F8A08A00B33E9D /* Asap_Condensed-ExtraBoldItalic.ttf in Resources */ = {isa = PBXBuildFile; fileRef = C6D6303929F8A08A00B33E9D /* Asap_Condensed-ExtraBoldItalic.ttf */; };
		C6D6309829F8A08A00B33E9D /* Asap_Condensed-SemiBold.ttf in Resources */ = {isa = PBXBuildFile; fileRef = C6D6303A29F8A08A00B33E9D /* Asap_Condensed-SemiBold.ttf */; };
		C6D6309929F8A08A00B33E9D /* Asap_SemiCondensed-Bold.ttf in Resources */ = {isa = PBXBuildFile; fileRef = C6D6303B29F8A08A00B33E9D /* Asap_SemiCondensed-Bold.ttf */; };
		C6D6309A29F8A08A00B33E9D /* Asap_SemiCondensed-Medium.ttf in Resources */ = {isa = PBXBuildFile; fileRef = C6D6303C29F8A08A00B33E9D /* Asap_SemiCondensed-Medium.ttf */; };
		C6D6309B29F8A08A00B33E9D /* Asap_Condensed-Light.ttf in Resources */ = {isa = PBXBuildFile; fileRef = C6D6303D29F8A08A00B33E9D /* Asap_Condensed-Light.ttf */; };
		C6D6309C29F8A08A00B33E9D /* Asap_Expanded-ExtraBoldItalic.ttf in Resources */ = {isa = PBXBuildFile; fileRef = C6D6303E29F8A08A00B33E9D /* Asap_Expanded-ExtraBoldItalic.ttf */; };
		C6D6309D29F8A08A00B33E9D /* Asap_Expanded-Black.ttf in Resources */ = {isa = PBXBuildFile; fileRef = C6D6303F29F8A08A00B33E9D /* Asap_Expanded-Black.ttf */; };
		C6D6309E29F8A08A00B33E9D /* Asap_Expanded-Medium.ttf in Resources */ = {isa = PBXBuildFile; fileRef = C6D6304029F8A08A00B33E9D /* Asap_Expanded-Medium.ttf */; };
		C6D6309F29F8A08A00B33E9D /* Asap-Italic.ttf in Resources */ = {isa = PBXBuildFile; fileRef = C6D6304129F8A08A00B33E9D /* Asap-Italic.ttf */; };
		C6D630A029F8A08A00B33E9D /* Asap_SemiCondensed-LightItalic.ttf in Resources */ = {isa = PBXBuildFile; fileRef = C6D6304229F8A08A00B33E9D /* Asap_SemiCondensed-LightItalic.ttf */; };
		C6D630A129F8A08A00B33E9D /* Asap_Expanded-ExtraLightItalic.ttf in Resources */ = {isa = PBXBuildFile; fileRef = C6D6304329F8A08A00B33E9D /* Asap_Expanded-ExtraLightItalic.ttf */; };
		C6D630A229F8A08A00B33E9D /* Asap_SemiCondensed-Thin.ttf in Resources */ = {isa = PBXBuildFile; fileRef = C6D6304429F8A08A00B33E9D /* Asap_SemiCondensed-Thin.ttf */; };
		C6D630A329F8A08A00B33E9D /* Asap_SemiExpanded-BlackItalic.ttf in Resources */ = {isa = PBXBuildFile; fileRef = C6D6304529F8A08A00B33E9D /* Asap_SemiExpanded-BlackItalic.ttf */; };
		C6D630A429F8A08A00B33E9D /* Asap_SemiExpanded-SemiBoldItalic.ttf in Resources */ = {isa = PBXBuildFile; fileRef = C6D6304629F8A08A00B33E9D /* Asap_SemiExpanded-SemiBoldItalic.ttf */; };
		C6D630A529F8A08A00B33E9D /* OFL.txt in Resources */ = {isa = PBXBuildFile; fileRef = C6D6304729F8A08A00B33E9D /* OFL.txt */; };
		C6D630A629F8A08A00B33E9D /* Asap-Italic-VariableFont_wdth,wght.ttf in Resources */ = {isa = PBXBuildFile; fileRef = C6D6304829F8A08A00B33E9D /* Asap-Italic-VariableFont_wdth,wght.ttf */; };
		C6D630A729F8A08A00B33E9D /* README.txt in Resources */ = {isa = PBXBuildFile; fileRef = C6D6304929F8A08A00B33E9D /* README.txt */; };
		C6D630B429F9D95C00B33E9D /* NetworkService.swift in Sources */ = {isa = PBXBuildFile; fileRef = C6D630B329F9D95C00B33E9D /* NetworkService.swift */; };
		C6D630B629F9DCD100B33E9D /* GeoModelAPI.swift in Sources */ = {isa = PBXBuildFile; fileRef = C6D630B529F9DCD100B33E9D /* GeoModelAPI.swift */; };
		C6D630B829F9E7C700B33E9D /* SearchView.swift in Sources */ = {isa = PBXBuildFile; fileRef = C6D630B729F9E7C700B33E9D /* SearchView.swift */; };
		C6D630BA29F9F1B900B33E9D /* MainFlowCoordinator.swift in Sources */ = {isa = PBXBuildFile; fileRef = C6D630B929F9F1B900B33E9D /* MainFlowCoordinator.swift */; };
		C6F21DD22A045331006C87B8 /* SearchLoadedView.swift in Sources */ = {isa = PBXBuildFile; fileRef = C6F21DD12A045331006C87B8 /* SearchLoadedView.swift */; };
		C6F21DD42A04534A006C87B8 /* SearchErrorView.swift in Sources */ = {isa = PBXBuildFile; fileRef = C6F21DD32A04534A006C87B8 /* SearchErrorView.swift */; };
/* End PBXBuildFile section */

/* Begin PBXFileReference section */
		3A365CAB1E4B2F764F851538 /* Pods_Neobis_iOS_WeatherApp.framework */ = {isa = PBXFileReference; explicitFileType = wrapper.framework; includeInIndex = 0; path = Pods_Neobis_iOS_WeatherApp.framework; sourceTree = BUILT_PRODUCTS_DIR; };
		3F6C4DDF2DB178C4279BEAC2 /* Pods-Neobis_iOS_WeatherApp.release.xcconfig */ = {isa = PBXFileReference; includeInIndex = 1; lastKnownFileType = text.xcconfig; name = "Pods-Neobis_iOS_WeatherApp.release.xcconfig"; path = "Target Support Files/Pods-Neobis_iOS_WeatherApp/Pods-Neobis_iOS_WeatherApp.release.xcconfig"; sourceTree = "<group>"; };
		671A104D7F1001FD8AB551B6 /* Pods-Neobis_iOS_WeatherApp.debug.xcconfig */ = {isa = PBXFileReference; includeInIndex = 1; lastKnownFileType = text.xcconfig; name = "Pods-Neobis_iOS_WeatherApp.debug.xcconfig"; path = "Target Support Files/Pods-Neobis_iOS_WeatherApp/Pods-Neobis_iOS_WeatherApp.debug.xcconfig"; sourceTree = "<group>"; };
		C62FC82C29FB3230001945E7 /* WeatherViewModel.swift */ = {isa = PBXFileReference; lastKnownFileType = sourcecode.swift; path = WeatherViewModel.swift; sourceTree = "<group>"; };
		C62FC82E29FB32B2001945E7 /* MainFlowNavigation.swift */ = {isa = PBXFileReference; lastKnownFileType = sourcecode.swift; path = MainFlowNavigation.swift; sourceTree = "<group>"; };
		C62FC83229FB42CC001945E7 /* UIView+ Extension.swift */ = {isa = PBXFileReference; lastKnownFileType = sourcecode.swift; path = "UIView+ Extension.swift"; sourceTree = "<group>"; };
		C62FC83929FB5E5F001945E7 /* LoadingScreen.swift */ = {isa = PBXFileReference; lastKnownFileType = sourcecode.swift; path = LoadingScreen.swift; sourceTree = "<group>"; };
		C62FC83B29FC60BB001945E7 /* AboutScreen.swift */ = {isa = PBXFileReference; lastKnownFileType = sourcecode.swift; path = AboutScreen.swift; sourceTree = "<group>"; };
		C62FC84529FC6F3F001945E7 /* SearchViewModel.swift */ = {isa = PBXFileReference; lastKnownFileType = sourcecode.swift; path = SearchViewModel.swift; sourceTree = "<group>"; };
		C62FC84729FC7037001945E7 /* WeatherModelAPI.swift */ = {isa = PBXFileReference; lastKnownFileType = sourcecode.swift; path = WeatherModelAPI.swift; sourceTree = "<group>"; };
		C62FC84929FC7821001945E7 /* ErrorScreen.swift */ = {isa = PBXFileReference; lastKnownFileType = sourcecode.swift; path = ErrorScreen.swift; sourceTree = "<group>"; };
		C62FC84B29FCA057001945E7 /* NetworkServiceImplementation.swift */ = {isa = PBXFileReference; lastKnownFileType = sourcecode.swift; path = NetworkServiceImplementation.swift; sourceTree = "<group>"; };
		C63D93942A04814A0006BFE8 /* WeatherModuleBuilder.swift */ = {isa = PBXFileReference; lastKnownFileType = sourcecode.swift; path = WeatherModuleBuilder.swift; sourceTree = "<group>"; };
		C63D93972A0482220006BFE8 /* SearchModuleBuilder.swift */ = {isa = PBXFileReference; lastKnownFileType = sourcecode.swift; path = SearchModuleBuilder.swift; sourceTree = "<group>"; };
		C63D93992A048E5A0006BFE8 /* WeekDayModelDomain.swift */ = {isa = PBXFileReference; lastKnownFileType = sourcecode.swift; path = WeekDayModelDomain.swift; sourceTree = "<group>"; };
		C63D939B2A0491D20006BFE8 /* WeatherModelDomain.swift */ = {isa = PBXFileReference; lastKnownFileType = sourcecode.swift; path = WeatherModelDomain.swift; sourceTree = "<group>"; };
		C642C5C42A0327C70090AE4D /* WeatherViewController.swift */ = {isa = PBXFileReference; lastKnownFileType = sourcecode.swift; path = WeatherViewController.swift; sourceTree = "<group>"; };
		C642C5C62A032BE50090AE4D /* WeatherErrorView.swift */ = {isa = PBXFileReference; lastKnownFileType = sourcecode.swift; path = WeatherErrorView.swift; sourceTree = "<group>"; };
		C65E85702A0C45C4004421F3 /* APIKey.swift */ = {isa = PBXFileReference; lastKnownFileType = sourcecode.swift; path = APIKey.swift; sourceTree = "<group>"; };
		C65E85722A0C45FF004421F3 /* GeoModelDomain.swift */ = {isa = PBXFileReference; lastKnownFileType = sourcecode.swift; path = GeoModelDomain.swift; sourceTree = "<group>"; };
		C65E85762A0C478A004421F3 /* WeatherRepository.swift */ = {isa = PBXFileReference; lastKnownFileType = sourcecode.swift; path = WeatherRepository.swift; sourceTree = "<group>"; };
		C65E85792A0C47CB004421F3 /* GeoRepository.swift */ = {isa = PBXFileReference; lastKnownFileType = sourcecode.swift; path = GeoRepository.swift; sourceTree = "<group>"; };
		C65E857B2A0C47E9004421F3 /* WeatherRepositoryImpl.swift */ = {isa = PBXFileReference; lastKnownFileType = sourcecode.swift; path = WeatherRepositoryImpl.swift; sourceTree = "<group>"; };
		C65E857D2A0C535C004421F3 /* GeoRepositoryImpl.swift */ = {isa = PBXFileReference; lastKnownFileType = sourcecode.swift; path = GeoRepositoryImpl.swift; sourceTree = "<group>"; };
		C65F84272A09768400BB0F3D /* RequestType.swift */ = {isa = PBXFileReference; lastKnownFileType = sourcecode.swift; path = RequestType.swift; sourceTree = "<group>"; };
		C65F84292A09771800BB0F3D /* HTTPMethod.swift */ = {isa = PBXFileReference; lastKnownFileType = sourcecode.swift; path = HTTPMethod.swift; sourceTree = "<group>"; };
		C65F842B2A0978B900BB0F3D /* RequestConfig.swift */ = {isa = PBXFileReference; lastKnownFileType = sourcecode.swift; path = RequestConfig.swift; sourceTree = "<group>"; };
		C65F842D2A0999CD00BB0F3D /* WeatherRequest.swift */ = {isa = PBXFileReference; lastKnownFileType = sourcecode.swift; path = WeatherRequest.swift; sourceTree = "<group>"; };
		C65F842F2A099D0E00BB0F3D /* URLEncoder.swift */ = {isa = PBXFileReference; lastKnownFileType = sourcecode.swift; path = URLEncoder.swift; sourceTree = "<group>"; };
		C65F84332A09AF7C00BB0F3D /* Encoder.swift */ = {isa = PBXFileReference; lastKnownFileType = sourcecode.swift; path = Encoder.swift; sourceTree = "<group>"; };
		C65F84352A09CDE200BB0F3D /* RequestBuilder.swift */ = {isa = PBXFileReference; lastKnownFileType = sourcecode.swift; path = RequestBuilder.swift; sourceTree = "<group>"; };
		C65F843A2A09D89000BB0F3D /* GeoRequest.swift */ = {isa = PBXFileReference; lastKnownFileType = sourcecode.swift; path = GeoRequest.swift; sourceTree = "<group>"; };
		C68A270829FCB60000862000 /* CollectionViewCell.swift */ = {isa = PBXFileReference; lastKnownFileType = sourcecode.swift; path = CollectionViewCell.swift; sourceTree = "<group>"; };
		C68A270A29FDD7C600862000 /* UIImageView + Extension.swift */ = {isa = PBXFileReference; lastKnownFileType = sourcecode.swift; path = "UIImageView + Extension.swift"; sourceTree = "<group>"; };
		C68A270C29FDDAA100862000 /* ImageCache.swift */ = {isa = PBXFileReference; lastKnownFileType = sourcecode.swift; path = ImageCache.swift; sourceTree = "<group>"; };
		C68A271E2A00A5F400862000 /* UIViewController+Extension.swift */ = {isa = PBXFileReference; lastKnownFileType = sourcecode.swift; path = "UIViewController+Extension.swift"; sourceTree = "<group>"; };
		C68A27242A00AB1C00862000 /* WeatherViewContainer.swift */ = {isa = PBXFileReference; lastKnownFileType = sourcecode.swift; path = WeatherViewContainer.swift; sourceTree = "<group>"; };
		C68A27262A00AB4900862000 /* SearchViewContainer.swift */ = {isa = PBXFileReference; lastKnownFileType = sourcecode.swift; path = SearchViewContainer.swift; sourceTree = "<group>"; };
		C6BA93692A049B02001CEF69 /* TemperatureView.swift */ = {isa = PBXFileReference; fileEncoding = 4; lastKnownFileType = sourcecode.swift; path = TemperatureView.swift; sourceTree = "<group>"; };
		C6BA936A2A049B02001CEF69 /* WeekDayView.swift */ = {isa = PBXFileReference; fileEncoding = 4; lastKnownFileType = sourcecode.swift; path = WeekDayView.swift; sourceTree = "<group>"; };
		C6BA936B2A049B02001CEF69 /* FiveDaysView.swift */ = {isa = PBXFileReference; fileEncoding = 4; lastKnownFileType = sourcecode.swift; path = FiveDaysView.swift; sourceTree = "<group>"; };
		C6D62EC029F6FF9700B33E9D /* Neobis_iOS_WeatherApp.app */ = {isa = PBXFileReference; explicitFileType = wrapper.application; includeInIndex = 0; path = Neobis_iOS_WeatherApp.app; sourceTree = BUILT_PRODUCTS_DIR; };
		C6D62EC329F6FF9700B33E9D /* AppDelegate.swift */ = {isa = PBXFileReference; lastKnownFileType = sourcecode.swift; path = AppDelegate.swift; sourceTree = "<group>"; };
		C6D62EC529F6FF9700B33E9D /* SceneDelegate.swift */ = {isa = PBXFileReference; lastKnownFileType = sourcecode.swift; path = SceneDelegate.swift; sourceTree = "<group>"; };
		C6D62EC729F6FF9700B33E9D /* WeatherSuccessView.swift */ = {isa = PBXFileReference; lastKnownFileType = sourcecode.swift; path = WeatherSuccessView.swift; sourceTree = "<group>"; };
		C6D62ECC29F6FF9800B33E9D /* Assets.xcassets */ = {isa = PBXFileReference; lastKnownFileType = folder.assetcatalog; path = Assets.xcassets; sourceTree = "<group>"; };
		C6D62ECF29F6FF9800B33E9D /* Base */ = {isa = PBXFileReference; lastKnownFileType = file.storyboard; name = Base; path = Base.lproj/LaunchScreen.storyboard; sourceTree = "<group>"; };
		C6D62ED129F6FF9800B33E9D /* Info.plist */ = {isa = PBXFileReference; lastKnownFileType = text.plist.xml; path = Info.plist; sourceTree = "<group>"; };
		C6D62EE229F7010E00B33E9D /* Resources.swift */ = {isa = PBXFileReference; lastKnownFileType = sourcecode.swift; path = Resources.swift; sourceTree = "<group>"; };
		C6D62EF829F73C4E00B33E9D /* WeatherViewModelImpl.swift */ = {isa = PBXFileReference; lastKnownFileType = sourcecode.swift; path = WeatherViewModelImpl.swift; sourceTree = "<group>"; };
		C6D62F0929F7457400B33E9D /* FlowFactory.swift */ = {isa = PBXFileReference; lastKnownFileType = sourcecode.swift; path = FlowFactory.swift; sourceTree = "<group>"; };
		C6D62F0B29F745BE00B33E9D /* FlowFactoryImplementation.swift */ = {isa = PBXFileReference; lastKnownFileType = sourcecode.swift; path = FlowFactoryImplementation.swift; sourceTree = "<group>"; };
		C6D62F0D29F74C6000B33E9D /* MainFlowCoordinatorImplementation.swift */ = {isa = PBXFileReference; lastKnownFileType = sourcecode.swift; path = MainFlowCoordinatorImplementation.swift; sourceTree = "<group>"; };
		C6D62F1029F74EDD00B33E9D /* SearchViewController.swift */ = {isa = PBXFileReference; lastKnownFileType = sourcecode.swift; path = SearchViewController.swift; sourceTree = "<group>"; };
		C6D62F1229F74F1500B33E9D /* SearchViewModelImpl.swift */ = {isa = PBXFileReference; lastKnownFileType = sourcecode.swift; path = SearchViewModelImpl.swift; sourceTree = "<group>"; };
		C6D62F1729F750A500B33E9D /* DIContainer.swift */ = {isa = PBXFileReference; lastKnownFileType = sourcecode.swift; path = DIContainer.swift; sourceTree = "<group>"; };
		C6D62F1A29F777F600B33E9D /* ViewModel.swift */ = {isa = PBXFileReference; lastKnownFileType = sourcecode.swift; path = ViewModel.swift; sourceTree = "<group>"; };
		C6D62F1E29F7831E00B33E9D /* AppCoordinator.swift */ = {isa = PBXFileReference; lastKnownFileType = sourcecode.swift; path = AppCoordinator.swift; sourceTree = "<group>"; };
		C6D62F2029F7835900B33E9D /* AppNavigation.swift */ = {isa = PBXFileReference; lastKnownFileType = sourcecode.swift; path = AppNavigation.swift; sourceTree = "<group>"; };
		C6D62F2329F8941000B33E9D /* UIColor+Extension.swift */ = {isa = PBXFileReference; lastKnownFileType = sourcecode.swift; path = "UIColor+Extension.swift"; sourceTree = "<group>"; };
		C6D62F2629F89CF900B33E9D /* CustomLabel.swift */ = {isa = PBXFileReference; lastKnownFileType = sourcecode.swift; path = CustomLabel.swift; sourceTree = "<group>"; };
		C6D62FEB29F8A08900B33E9D /* Asap-VariableFont_wdth,wght.ttf */ = {isa = PBXFileReference; lastKnownFileType = file; path = "Asap-VariableFont_wdth,wght.ttf"; sourceTree = "<group>"; };
		C6D62FED29F8A08900B33E9D /* Asap_SemiCondensed-MediumItalic.ttf */ = {isa = PBXFileReference; lastKnownFileType = file; path = "Asap_SemiCondensed-MediumItalic.ttf"; sourceTree = "<group>"; };
		C6D62FEE29F8A08900B33E9D /* Asap-ExtraLight.ttf */ = {isa = PBXFileReference; lastKnownFileType = file; path = "Asap-ExtraLight.ttf"; sourceTree = "<group>"; };
		C6D62FEF29F8A08900B33E9D /* Asap_SemiCondensed-Italic.ttf */ = {isa = PBXFileReference; lastKnownFileType = file; path = "Asap_SemiCondensed-Italic.ttf"; sourceTree = "<group>"; };
		C6D62FF029F8A08900B33E9D /* Asap-ThinItalic.ttf */ = {isa = PBXFileReference; lastKnownFileType = file; path = "Asap-ThinItalic.ttf"; sourceTree = "<group>"; };
		C6D62FF129F8A08900B33E9D /* Asap_Expanded-Light.ttf */ = {isa = PBXFileReference; lastKnownFileType = file; path = "Asap_Expanded-Light.ttf"; sourceTree = "<group>"; };
		C6D62FF229F8A08900B33E9D /* Asap-Thin.ttf */ = {isa = PBXFileReference; lastKnownFileType = file; path = "Asap-Thin.ttf"; sourceTree = "<group>"; };
		C6D62FF329F8A08900B33E9D /* Asap_Condensed-BlackItalic.ttf */ = {isa = PBXFileReference; lastKnownFileType = file; path = "Asap_Condensed-BlackItalic.ttf"; sourceTree = "<group>"; };
		C6D62FF429F8A08900B33E9D /* Asap-ExtraBold.ttf */ = {isa = PBXFileReference; lastKnownFileType = file; path = "Asap-ExtraBold.ttf"; sourceTree = "<group>"; };
		C6D62FF529F8A08900B33E9D /* Asap_SemiExpanded-SemiBold.ttf */ = {isa = PBXFileReference; lastKnownFileType = file; path = "Asap_SemiExpanded-SemiBold.ttf"; sourceTree = "<group>"; };
		C6D62FF629F8A08900B33E9D /* Asap-BoldItalic.ttf */ = {isa = PBXFileReference; lastKnownFileType = file; path = "Asap-BoldItalic.ttf"; sourceTree = "<group>"; };
		C6D62FF729F8A08900B33E9D /* Asap_Condensed-MediumItalic.ttf */ = {isa = PBXFileReference; lastKnownFileType = file; path = "Asap_Condensed-MediumItalic.ttf"; sourceTree = "<group>"; };
		C6D62FF829F8A08900B33E9D /* Asap-MediumItalic.ttf */ = {isa = PBXFileReference; lastKnownFileType = file; path = "Asap-MediumItalic.ttf"; sourceTree = "<group>"; };
		C6D62FF929F8A08900B33E9D /* Asap_SemiExpanded-ExtraBold.ttf */ = {isa = PBXFileReference; lastKnownFileType = file; path = "Asap_SemiExpanded-ExtraBold.ttf"; sourceTree = "<group>"; };
		C6D62FFA29F8A08900B33E9D /* Asap_SemiCondensed-ExtraLightItalic.ttf */ = {isa = PBXFileReference; lastKnownFileType = file; path = "Asap_SemiCondensed-ExtraLightItalic.ttf"; sourceTree = "<group>"; };
		C6D62FFB29F8A08900B33E9D /* Asap_Condensed-ThinItalic.ttf */ = {isa = PBXFileReference; lastKnownFileType = file; path = "Asap_Condensed-ThinItalic.ttf"; sourceTree = "<group>"; };
		C6D62FFC29F8A08900B33E9D /* Asap_SemiExpanded-MediumItalic.ttf */ = {isa = PBXFileReference; lastKnownFileType = file; path = "Asap_SemiExpanded-MediumItalic.ttf"; sourceTree = "<group>"; };
		C6D62FFD29F8A08900B33E9D /* Asap-BlackItalic.ttf */ = {isa = PBXFileReference; lastKnownFileType = file; path = "Asap-BlackItalic.ttf"; sourceTree = "<group>"; };
		C6D62FFE29F8A08900B33E9D /* Asap_Condensed-ExtraLight.ttf */ = {isa = PBXFileReference; lastKnownFileType = file; path = "Asap_Condensed-ExtraLight.ttf"; sourceTree = "<group>"; };
		C6D62FFF29F8A08900B33E9D /* Asap_Expanded-LightItalic.ttf */ = {isa = PBXFileReference; lastKnownFileType = file; path = "Asap_Expanded-LightItalic.ttf"; sourceTree = "<group>"; };
		C6D6300029F8A08900B33E9D /* Asap_Expanded-Italic.ttf */ = {isa = PBXFileReference; lastKnownFileType = file; path = "Asap_Expanded-Italic.ttf"; sourceTree = "<group>"; };
		C6D6300129F8A08900B33E9D /* Asap-Medium.ttf */ = {isa = PBXFileReference; lastKnownFileType = file; path = "Asap-Medium.ttf"; sourceTree = "<group>"; };
		C6D6300229F8A08900B33E9D /* Asap-Bold.ttf */ = {isa = PBXFileReference; lastKnownFileType = file; path = "Asap-Bold.ttf"; sourceTree = "<group>"; };
		C6D6300329F8A08900B33E9D /* Asap_SemiExpanded-Regular.ttf */ = {isa = PBXFileReference; lastKnownFileType = file; path = "Asap_SemiExpanded-Regular.ttf"; sourceTree = "<group>"; };
		C6D6300429F8A08900B33E9D /* Asap_Condensed-BoldItalic.ttf */ = {isa = PBXFileReference; lastKnownFileType = file; path = "Asap_Condensed-BoldItalic.ttf"; sourceTree = "<group>"; };
		C6D6300529F8A08900B33E9D /* Asap_Condensed-Black.ttf */ = {isa = PBXFileReference; lastKnownFileType = file; path = "Asap_Condensed-Black.ttf"; sourceTree = "<group>"; };
		C6D6300629F8A08900B33E9D /* Asap_SemiCondensed-Regular.ttf */ = {isa = PBXFileReference; lastKnownFileType = file; path = "Asap_SemiCondensed-Regular.ttf"; sourceTree = "<group>"; };
		C6D6300729F8A08900B33E9D /* Asap_SemiExpanded-ExtraLightItalic.ttf */ = {isa = PBXFileReference; lastKnownFileType = file; path = "Asap_SemiExpanded-ExtraLightItalic.ttf"; sourceTree = "<group>"; };
		C6D6300829F8A08900B33E9D /* Asap_Condensed-SemiBoldItalic.ttf */ = {isa = PBXFileReference; lastKnownFileType = file; path = "Asap_Condensed-SemiBoldItalic.ttf"; sourceTree = "<group>"; };
		C6D6300929F8A08900B33E9D /* Asap_Expanded-ExtraBold.ttf */ = {isa = PBXFileReference; lastKnownFileType = file; path = "Asap_Expanded-ExtraBold.ttf"; sourceTree = "<group>"; };
		C6D6300A29F8A08900B33E9D /* Asap_Expanded-BoldItalic.ttf */ = {isa = PBXFileReference; lastKnownFileType = file; path = "Asap_Expanded-BoldItalic.ttf"; sourceTree = "<group>"; };
		C6D6300B29F8A08900B33E9D /* Asap-LightItalic.ttf */ = {isa = PBXFileReference; lastKnownFileType = file; path = "Asap-LightItalic.ttf"; sourceTree = "<group>"; };
		C6D6300C29F8A08900B33E9D /* Asap-ExtraLightItalic.ttf */ = {isa = PBXFileReference; lastKnownFileType = file; path = "Asap-ExtraLightItalic.ttf"; sourceTree = "<group>"; };
		C6D6300D29F8A08900B33E9D /* Asap_SemiCondensed-Black.ttf */ = {isa = PBXFileReference; lastKnownFileType = file; path = "Asap_SemiCondensed-Black.ttf"; sourceTree = "<group>"; };
		C6D6300E29F8A08900B33E9D /* Asap_Expanded-ExtraLight.ttf */ = {isa = PBXFileReference; lastKnownFileType = file; path = "Asap_Expanded-ExtraLight.ttf"; sourceTree = "<group>"; };
		C6D6300F29F8A08900B33E9D /* Asap_Expanded-BlackItalic.ttf */ = {isa = PBXFileReference; lastKnownFileType = file; path = "Asap_Expanded-BlackItalic.ttf"; sourceTree = "<group>"; };
		C6D6301029F8A08900B33E9D /* Asap_Expanded-Thin.ttf */ = {isa = PBXFileReference; lastKnownFileType = file; path = "Asap_Expanded-Thin.ttf"; sourceTree = "<group>"; };
		C6D6301129F8A08900B33E9D /* Asap_Expanded-ThinItalic.ttf */ = {isa = PBXFileReference; lastKnownFileType = file; path = "Asap_Expanded-ThinItalic.ttf"; sourceTree = "<group>"; };
		C6D6301229F8A08900B33E9D /* Asap_Expanded-SemiBoldItalic.ttf */ = {isa = PBXFileReference; lastKnownFileType = file; path = "Asap_Expanded-SemiBoldItalic.ttf"; sourceTree = "<group>"; };
		C6D6301329F8A08900B33E9D /* Asap_SemiExpanded-Italic.ttf */ = {isa = PBXFileReference; lastKnownFileType = file; path = "Asap_SemiExpanded-Italic.ttf"; sourceTree = "<group>"; };
		C6D6301429F8A08900B33E9D /* Asap_Condensed-Medium.ttf */ = {isa = PBXFileReference; lastKnownFileType = file; path = "Asap_Condensed-Medium.ttf"; sourceTree = "<group>"; };
		C6D6301529F8A08900B33E9D /* Asap-SemiBoldItalic.ttf */ = {isa = PBXFileReference; lastKnownFileType = file; path = "Asap-SemiBoldItalic.ttf"; sourceTree = "<group>"; };
		C6D6301629F8A08900B33E9D /* Asap_SemiCondensed-ExtraBold.ttf */ = {isa = PBXFileReference; lastKnownFileType = file; path = "Asap_SemiCondensed-ExtraBold.ttf"; sourceTree = "<group>"; };
		C6D6301729F8A08900B33E9D /* Asap_SemiExpanded-ExtraBoldItalic.ttf */ = {isa = PBXFileReference; lastKnownFileType = file; path = "Asap_SemiExpanded-ExtraBoldItalic.ttf"; sourceTree = "<group>"; };
		C6D6301829F8A08900B33E9D /* Asap_Expanded-Bold.ttf */ = {isa = PBXFileReference; lastKnownFileType = file; path = "Asap_Expanded-Bold.ttf"; sourceTree = "<group>"; };
		C6D6301929F8A08900B33E9D /* Asap_Condensed-LightItalic.ttf */ = {isa = PBXFileReference; lastKnownFileType = file; path = "Asap_Condensed-LightItalic.ttf"; sourceTree = "<group>"; };
		C6D6301A29F8A08900B33E9D /* Asap_SemiCondensed-ExtraBoldItalic.ttf */ = {isa = PBXFileReference; lastKnownFileType = file; path = "Asap_SemiCondensed-ExtraBoldItalic.ttf"; sourceTree = "<group>"; };
		C6D6301B29F8A08900B33E9D /* Asap-Regular.ttf */ = {isa = PBXFileReference; lastKnownFileType = file; path = "Asap-Regular.ttf"; sourceTree = "<group>"; };
		C6D6301C29F8A08900B33E9D /* Asap-SemiBold.ttf */ = {isa = PBXFileReference; lastKnownFileType = file; path = "Asap-SemiBold.ttf"; sourceTree = "<group>"; };
		C6D6301D29F8A08900B33E9D /* Asap_SemiExpanded-Light.ttf */ = {isa = PBXFileReference; lastKnownFileType = file; path = "Asap_SemiExpanded-Light.ttf"; sourceTree = "<group>"; };
		C6D6301E29F8A08900B33E9D /* Asap-Black.ttf */ = {isa = PBXFileReference; lastKnownFileType = file; path = "Asap-Black.ttf"; sourceTree = "<group>"; };
		C6D6301F29F8A08900B33E9D /* Asap-ExtraBoldItalic.ttf */ = {isa = PBXFileReference; lastKnownFileType = file; path = "Asap-ExtraBoldItalic.ttf"; sourceTree = "<group>"; };
		C6D6302029F8A08900B33E9D /* Asap_SemiCondensed-ThinItalic.ttf */ = {isa = PBXFileReference; lastKnownFileType = file; path = "Asap_SemiCondensed-ThinItalic.ttf"; sourceTree = "<group>"; };
		C6D6302129F8A08900B33E9D /* Asap_Expanded-SemiBold.ttf */ = {isa = PBXFileReference; lastKnownFileType = file; path = "Asap_Expanded-SemiBold.ttf"; sourceTree = "<group>"; };
		C6D6302229F8A08900B33E9D /* Asap_SemiCondensed-SemiBoldItalic.ttf */ = {isa = PBXFileReference; lastKnownFileType = file; path = "Asap_SemiCondensed-SemiBoldItalic.ttf"; sourceTree = "<group>"; };
		C6D6302329F8A08900B33E9D /* Asap_Condensed-ExtraLightItalic.ttf */ = {isa = PBXFileReference; lastKnownFileType = file; path = "Asap_Condensed-ExtraLightItalic.ttf"; sourceTree = "<group>"; };
		C6D6302429F8A08900B33E9D /* Asap_SemiExpanded-Medium.ttf */ = {isa = PBXFileReference; lastKnownFileType = file; path = "Asap_SemiExpanded-Medium.ttf"; sourceTree = "<group>"; };
		C6D6302529F8A08900B33E9D /* Asap_Condensed-Italic.ttf */ = {isa = PBXFileReference; lastKnownFileType = file; path = "Asap_Condensed-Italic.ttf"; sourceTree = "<group>"; };
		C6D6302629F8A08900B33E9D /* Asap_SemiCondensed-ExtraLight.ttf */ = {isa = PBXFileReference; lastKnownFileType = file; path = "Asap_SemiCondensed-ExtraLight.ttf"; sourceTree = "<group>"; };
		C6D6302729F8A08900B33E9D /* Asap_SemiCondensed-BlackItalic.ttf */ = {isa = PBXFileReference; lastKnownFileType = file; path = "Asap_SemiCondensed-BlackItalic.ttf"; sourceTree = "<group>"; };
		C6D6302829F8A08900B33E9D /* Asap_SemiExpanded-LightItalic.ttf */ = {isa = PBXFileReference; lastKnownFileType = file; path = "Asap_SemiExpanded-LightItalic.ttf"; sourceTree = "<group>"; };
		C6D6302929F8A08900B33E9D /* Asap_SemiExpanded-Black.ttf */ = {isa = PBXFileReference; lastKnownFileType = file; path = "Asap_SemiExpanded-Black.ttf"; sourceTree = "<group>"; };
		C6D6302A29F8A08A00B33E9D /* Asap-Light.ttf */ = {isa = PBXFileReference; lastKnownFileType = file; path = "Asap-Light.ttf"; sourceTree = "<group>"; };
		C6D6302B29F8A08A00B33E9D /* Asap_SemiCondensed-BoldItalic.ttf */ = {isa = PBXFileReference; lastKnownFileType = file; path = "Asap_SemiCondensed-BoldItalic.ttf"; sourceTree = "<group>"; };
		C6D6302C29F8A08A00B33E9D /* Asap_SemiCondensed-SemiBold.ttf */ = {isa = PBXFileReference; lastKnownFileType = file; path = "Asap_SemiCondensed-SemiBold.ttf"; sourceTree = "<group>"; };
		C6D6302D29F8A08A00B33E9D /* Asap_SemiExpanded-Bold.ttf */ = {isa = PBXFileReference; lastKnownFileType = file; path = "Asap_SemiExpanded-Bold.ttf"; sourceTree = "<group>"; };
		C6D6302E29F8A08A00B33E9D /* Asap_Condensed-Thin.ttf */ = {isa = PBXFileReference; lastKnownFileType = file; path = "Asap_Condensed-Thin.ttf"; sourceTree = "<group>"; };
		C6D6302F29F8A08A00B33E9D /* Asap_Condensed-Bold.ttf */ = {isa = PBXFileReference; lastKnownFileType = file; path = "Asap_Condensed-Bold.ttf"; sourceTree = "<group>"; };
		C6D6303029F8A08A00B33E9D /* Asap_SemiExpanded-Thin.ttf */ = {isa = PBXFileReference; lastKnownFileType = file; path = "Asap_SemiExpanded-Thin.ttf"; sourceTree = "<group>"; };
		C6D6303129F8A08A00B33E9D /* Asap_Expanded-MediumItalic.ttf */ = {isa = PBXFileReference; lastKnownFileType = file; path = "Asap_Expanded-MediumItalic.ttf"; sourceTree = "<group>"; };
		C6D6303229F8A08A00B33E9D /* Asap_SemiExpanded-BoldItalic.ttf */ = {isa = PBXFileReference; lastKnownFileType = file; path = "Asap_SemiExpanded-BoldItalic.ttf"; sourceTree = "<group>"; };
		C6D6303329F8A08A00B33E9D /* Asap_Condensed-Regular.ttf */ = {isa = PBXFileReference; lastKnownFileType = file; path = "Asap_Condensed-Regular.ttf"; sourceTree = "<group>"; };
		C6D6303429F8A08A00B33E9D /* Asap_SemiExpanded-ThinItalic.ttf */ = {isa = PBXFileReference; lastKnownFileType = file; path = "Asap_SemiExpanded-ThinItalic.ttf"; sourceTree = "<group>"; };
		C6D6303529F8A08A00B33E9D /* Asap_Condensed-ExtraBold.ttf */ = {isa = PBXFileReference; lastKnownFileType = file; path = "Asap_Condensed-ExtraBold.ttf"; sourceTree = "<group>"; };
		C6D6303629F8A08A00B33E9D /* Asap_Expanded-Regular.ttf */ = {isa = PBXFileReference; lastKnownFileType = file; path = "Asap_Expanded-Regular.ttf"; sourceTree = "<group>"; };
		C6D6303729F8A08A00B33E9D /* Asap_SemiCondensed-Light.ttf */ = {isa = PBXFileReference; lastKnownFileType = file; path = "Asap_SemiCondensed-Light.ttf"; sourceTree = "<group>"; };
		C6D6303829F8A08A00B33E9D /* Asap_SemiExpanded-ExtraLight.ttf */ = {isa = PBXFileReference; lastKnownFileType = file; path = "Asap_SemiExpanded-ExtraLight.ttf"; sourceTree = "<group>"; };
		C6D6303929F8A08A00B33E9D /* Asap_Condensed-ExtraBoldItalic.ttf */ = {isa = PBXFileReference; lastKnownFileType = file; path = "Asap_Condensed-ExtraBoldItalic.ttf"; sourceTree = "<group>"; };
		C6D6303A29F8A08A00B33E9D /* Asap_Condensed-SemiBold.ttf */ = {isa = PBXFileReference; lastKnownFileType = file; path = "Asap_Condensed-SemiBold.ttf"; sourceTree = "<group>"; };
		C6D6303B29F8A08A00B33E9D /* Asap_SemiCondensed-Bold.ttf */ = {isa = PBXFileReference; lastKnownFileType = file; path = "Asap_SemiCondensed-Bold.ttf"; sourceTree = "<group>"; };
		C6D6303C29F8A08A00B33E9D /* Asap_SemiCondensed-Medium.ttf */ = {isa = PBXFileReference; lastKnownFileType = file; path = "Asap_SemiCondensed-Medium.ttf"; sourceTree = "<group>"; };
		C6D6303D29F8A08A00B33E9D /* Asap_Condensed-Light.ttf */ = {isa = PBXFileReference; lastKnownFileType = file; path = "Asap_Condensed-Light.ttf"; sourceTree = "<group>"; };
		C6D6303E29F8A08A00B33E9D /* Asap_Expanded-ExtraBoldItalic.ttf */ = {isa = PBXFileReference; lastKnownFileType = file; path = "Asap_Expanded-ExtraBoldItalic.ttf"; sourceTree = "<group>"; };
		C6D6303F29F8A08A00B33E9D /* Asap_Expanded-Black.ttf */ = {isa = PBXFileReference; lastKnownFileType = file; path = "Asap_Expanded-Black.ttf"; sourceTree = "<group>"; };
		C6D6304029F8A08A00B33E9D /* Asap_Expanded-Medium.ttf */ = {isa = PBXFileReference; lastKnownFileType = file; path = "Asap_Expanded-Medium.ttf"; sourceTree = "<group>"; };
		C6D6304129F8A08A00B33E9D /* Asap-Italic.ttf */ = {isa = PBXFileReference; lastKnownFileType = file; path = "Asap-Italic.ttf"; sourceTree = "<group>"; };
		C6D6304229F8A08A00B33E9D /* Asap_SemiCondensed-LightItalic.ttf */ = {isa = PBXFileReference; lastKnownFileType = file; path = "Asap_SemiCondensed-LightItalic.ttf"; sourceTree = "<group>"; };
		C6D6304329F8A08A00B33E9D /* Asap_Expanded-ExtraLightItalic.ttf */ = {isa = PBXFileReference; lastKnownFileType = file; path = "Asap_Expanded-ExtraLightItalic.ttf"; sourceTree = "<group>"; };
		C6D6304429F8A08A00B33E9D /* Asap_SemiCondensed-Thin.ttf */ = {isa = PBXFileReference; lastKnownFileType = file; path = "Asap_SemiCondensed-Thin.ttf"; sourceTree = "<group>"; };
		C6D6304529F8A08A00B33E9D /* Asap_SemiExpanded-BlackItalic.ttf */ = {isa = PBXFileReference; lastKnownFileType = file; path = "Asap_SemiExpanded-BlackItalic.ttf"; sourceTree = "<group>"; };
		C6D6304629F8A08A00B33E9D /* Asap_SemiExpanded-SemiBoldItalic.ttf */ = {isa = PBXFileReference; lastKnownFileType = file; path = "Asap_SemiExpanded-SemiBoldItalic.ttf"; sourceTree = "<group>"; };
		C6D6304729F8A08A00B33E9D /* OFL.txt */ = {isa = PBXFileReference; fileEncoding = 4; lastKnownFileType = text; path = OFL.txt; sourceTree = "<group>"; };
		C6D6304829F8A08A00B33E9D /* Asap-Italic-VariableFont_wdth,wght.ttf */ = {isa = PBXFileReference; lastKnownFileType = file; path = "Asap-Italic-VariableFont_wdth,wght.ttf"; sourceTree = "<group>"; };
		C6D6304929F8A08A00B33E9D /* README.txt */ = {isa = PBXFileReference; fileEncoding = 4; lastKnownFileType = text; path = README.txt; sourceTree = "<group>"; };
		C6D630B329F9D95C00B33E9D /* NetworkService.swift */ = {isa = PBXFileReference; lastKnownFileType = sourcecode.swift; path = NetworkService.swift; sourceTree = "<group>"; };
		C6D630B529F9DCD100B33E9D /* GeoModelAPI.swift */ = {isa = PBXFileReference; lastKnownFileType = sourcecode.swift; path = GeoModelAPI.swift; sourceTree = "<group>"; };
		C6D630B729F9E7C700B33E9D /* SearchView.swift */ = {isa = PBXFileReference; lastKnownFileType = sourcecode.swift; path = SearchView.swift; sourceTree = "<group>"; };
		C6D630B929F9F1B900B33E9D /* MainFlowCoordinator.swift */ = {isa = PBXFileReference; lastKnownFileType = sourcecode.swift; path = MainFlowCoordinator.swift; sourceTree = "<group>"; };
		C6F21DD12A045331006C87B8 /* SearchLoadedView.swift */ = {isa = PBXFileReference; lastKnownFileType = sourcecode.swift; path = SearchLoadedView.swift; sourceTree = "<group>"; };
		C6F21DD32A04534A006C87B8 /* SearchErrorView.swift */ = {isa = PBXFileReference; lastKnownFileType = sourcecode.swift; path = SearchErrorView.swift; sourceTree = "<group>"; };
/* End PBXFileReference section */

/* Begin PBXFrameworksBuildPhase section */
		C6D62EBD29F6FF9700B33E9D /* Frameworks */ = {
			isa = PBXFrameworksBuildPhase;
			buildActionMask = 2147483647;
			files = (
				4BED44B762702C0EEBF786E3 /* Pods_Neobis_iOS_WeatherApp.framework in Frameworks */,
			);
			runOnlyForDeploymentPostprocessing = 0;
		};
/* End PBXFrameworksBuildPhase section */

/* Begin PBXGroup section */
		2597E4DDD83B7E480D7FBAA1 /* Frameworks */ = {
			isa = PBXGroup;
			children = (
				3A365CAB1E4B2F764F851538 /* Pods_Neobis_iOS_WeatherApp.framework */,
			);
			name = Frameworks;
			sourceTree = "<group>";
		};
		572F04434845CB886BE4497E /* Pods */ = {
			isa = PBXGroup;
			children = (
				671A104D7F1001FD8AB551B6 /* Pods-Neobis_iOS_WeatherApp.debug.xcconfig */,
				3F6C4DDF2DB178C4279BEAC2 /* Pods-Neobis_iOS_WeatherApp.release.xcconfig */,
			);
			path = Pods;
			sourceTree = "<group>";
		};
		C62FC83829FB5E57001945E7 /* Screens */ = {
			isa = PBXGroup;
			children = (
				C62FC83929FB5E5F001945E7 /* LoadingScreen.swift */,
				C62FC83B29FC60BB001945E7 /* AboutScreen.swift */,
				C62FC84929FC7821001945E7 /* ErrorScreen.swift */,
			);
			path = Screens;
			sourceTree = "<group>";
		};
		C62FC84029FC6EC5001945E7 /* Elements */ = {
			isa = PBXGroup;
			children = (
				C6D630B729F9E7C700B33E9D /* SearchView.swift */,
			);
			path = Elements;
			sourceTree = "<group>";
		};
		C62FC84129FC6EF6001945E7 /* View */ = {
			isa = PBXGroup;
			children = (
				C68A270729FCB5F500862000 /* Cell */,
				C6F21DD12A045331006C87B8 /* SearchLoadedView.swift */,
				C6F21DD32A04534A006C87B8 /* SearchErrorView.swift */,
				C68A27262A00AB4900862000 /* SearchViewContainer.swift */,
				C6D62F1029F74EDD00B33E9D /* SearchViewController.swift */,
			);
			path = View;
			sourceTree = "<group>";
		};
		C62FC84429FC6F1E001945E7 /* ViewModel */ = {
			isa = PBXGroup;
			children = (
				C62FC84529FC6F3F001945E7 /* SearchViewModel.swift */,
				C6D62F1229F74F1500B33E9D /* SearchViewModelImpl.swift */,
			);
			path = ViewModel;
			sourceTree = "<group>";
		};
		C63D93932A0481380006BFE8 /* Builder */ = {
			isa = PBXGroup;
			children = (
				C63D93942A04814A0006BFE8 /* WeatherModuleBuilder.swift */,
			);
			path = Builder;
			sourceTree = "<group>";
		};
		C63D93962A0482190006BFE8 /* Builder */ = {
			isa = PBXGroup;
			children = (
				C63D93972A0482220006BFE8 /* SearchModuleBuilder.swift */,
			);
			path = Builder;
			sourceTree = "<group>";
		};
		C65E85742A0C4769004421F3 /* Repository */ = {
			isa = PBXGroup;
			children = (
				C65E85782A0C47B7004421F3 /* GeoRepository */,
				C65E85752A0C4778004421F3 /* WeatherRepository */,
			);
			path = Repository;
			sourceTree = "<group>";
		};
		C65E85752A0C4778004421F3 /* WeatherRepository */ = {
			isa = PBXGroup;
			children = (
				C65E85762A0C478A004421F3 /* WeatherRepository.swift */,
				C65E857B2A0C47E9004421F3 /* WeatherRepositoryImpl.swift */,
			);
			path = WeatherRepository;
			sourceTree = "<group>";
		};
		C65E85782A0C47B7004421F3 /* GeoRepository */ = {
			isa = PBXGroup;
			children = (
				C65E85792A0C47CB004421F3 /* GeoRepository.swift */,
				C65E857D2A0C535C004421F3 /* GeoRepositoryImpl.swift */,
			);
			path = GeoRepository;
			sourceTree = "<group>";
		};
		C65F84382A09D79A00BB0F3D /* Encoders */ = {
			isa = PBXGroup;
			children = (
				C65F84332A09AF7C00BB0F3D /* Encoder.swift */,
				C65F842F2A099D0E00BB0F3D /* URLEncoder.swift */,
			);
			path = Encoders;
			sourceTree = "<group>";
		};
		C65F84392A09D86A00BB0F3D /* Builder */ = {
			isa = PBXGroup;
			children = (
				C65F84352A09CDE200BB0F3D /* RequestBuilder.swift */,
			);
			path = Builder;
			sourceTree = "<group>";
		};
		C65F843C2A09DECB00BB0F3D /* Request */ = {
			isa = PBXGroup;
			children = (
				C65F84292A09771800BB0F3D /* HTTPMethod.swift */,
				C65F84272A09768400BB0F3D /* RequestType.swift */,
				C65F842B2A0978B900BB0F3D /* RequestConfig.swift */,
				C65F842D2A0999CD00BB0F3D /* WeatherRequest.swift */,
				C65F843A2A09D89000BB0F3D /* GeoRequest.swift */,
				C65E85702A0C45C4004421F3 /* APIKey.swift */,
			);
			path = Request;
			sourceTree = "<group>";
		};
		C68A270729FCB5F500862000 /* Cell */ = {
			isa = PBXGroup;
			children = (
				C68A270829FCB60000862000 /* CollectionViewCell.swift */,
			);
			path = Cell;
			sourceTree = "<group>";
		};
		C6BA936F2A08189D001CEF69 /* Models */ = {
			isa = PBXGroup;
			children = (
				C6BA93782A0828EA001CEF69 /* Domain */,
				C6BA93772A0828E8001CEF69 /* API */,
			);
			path = Models;
			sourceTree = "<group>";
		};
		C6BA93762A0828CB001CEF69 /* NetworkLayer */ = {
			isa = PBXGroup;
			children = (
				C65F843C2A09DECB00BB0F3D /* Request */,
				C65F84392A09D86A00BB0F3D /* Builder */,
				C65F84382A09D79A00BB0F3D /* Encoders */,
				C6D630B229F9D95200B33E9D /* NetworkService */,
			);
			path = NetworkLayer;
			sourceTree = "<group>";
		};
		C6BA93772A0828E8001CEF69 /* API */ = {
			isa = PBXGroup;
			children = (
				C6D630B529F9DCD100B33E9D /* GeoModelAPI.swift */,
				C62FC84729FC7037001945E7 /* WeatherModelAPI.swift */,
			);
			path = API;
			sourceTree = "<group>";
		};
		C6BA93782A0828EA001CEF69 /* Domain */ = {
			isa = PBXGroup;
			children = (
				C63D93992A048E5A0006BFE8 /* WeekDayModelDomain.swift */,
				C63D939B2A0491D20006BFE8 /* WeatherModelDomain.swift */,
				C65E85722A0C45FF004421F3 /* GeoModelDomain.swift */,
			);
			path = Domain;
			sourceTree = "<group>";
		};
		C6D62EB729F6FF9700B33E9D = {
			isa = PBXGroup;
			children = (
				C6D62EC229F6FF9700B33E9D /* Neobis_iOS_WeatherApp */,
				C6D62EC129F6FF9700B33E9D /* Products */,
				572F04434845CB886BE4497E /* Pods */,
				2597E4DDD83B7E480D7FBAA1 /* Frameworks */,
			);
			sourceTree = "<group>";
		};
		C6D62EC129F6FF9700B33E9D /* Products */ = {
			isa = PBXGroup;
			children = (
				C6D62EC029F6FF9700B33E9D /* Neobis_iOS_WeatherApp.app */,
			);
			name = Products;
			sourceTree = "<group>";
		};
		C6D62EC229F6FF9700B33E9D /* Neobis_iOS_WeatherApp */ = {
			isa = PBXGroup;
			children = (
				C6D62F1429F7504600B33E9D /* Dependencies */,
				C6D62F1929F777E800B33E9D /* Base */,
				C6D62ED929F6FFBB00B33E9D /* Core */,
				C6D62EE429F7280600B33E9D /* Modules */,
				C6D62EE029F700F600B33E9D /* Helpers */,
				C6D62ED829F6FFB000B33E9D /* Application */,
				C6D62ED729F6FF9F00B33E9D /* Resources */,
			);
			path = Neobis_iOS_WeatherApp;
			sourceTree = "<group>";
		};
		C6D62ED729F6FF9F00B33E9D /* Resources */ = {
			isa = PBXGroup;
			children = (
				C6D62ECC29F6FF9800B33E9D /* Assets.xcassets */,
				C6D62ECE29F6FF9800B33E9D /* LaunchScreen.storyboard */,
				C6D62ED129F6FF9800B33E9D /* Info.plist */,
			);
			path = Resources;
			sourceTree = "<group>";
		};
		C6D62ED829F6FFB000B33E9D /* Application */ = {
			isa = PBXGroup;
			children = (
				C6D62EC329F6FF9700B33E9D /* AppDelegate.swift */,
				C6D62EC529F6FF9700B33E9D /* SceneDelegate.swift */,
			);
			path = Application;
			sourceTree = "<group>";
		};
		C6D62ED929F6FFBB00B33E9D /* Core */ = {
			isa = PBXGroup;
			children = (
				C65E85742A0C4769004421F3 /* Repository */,
				C6BA93762A0828CB001CEF69 /* NetworkLayer */,
				C6BA936F2A08189D001CEF69 /* Models */,
				C6D62EDB29F6FFC300B33E9D /* Flows */,
			);
			path = Core;
			sourceTree = "<group>";
		};
		C6D62EDB29F6FFC300B33E9D /* Flows */ = {
			isa = PBXGroup;
			children = (
				C6D62F0829F7456500B33E9D /* FlowFactory */,
				C6D62EFB29F73CF200B33E9D /* MainFlow */,
			);
			path = Flows;
			sourceTree = "<group>";
		};
		C6D62EDE29F700D700B33E9D /* View */ = {
			isa = PBXGroup;
			children = (
				C642C5C42A0327C70090AE4D /* WeatherViewController.swift */,
				C68A27242A00AB1C00862000 /* WeatherViewContainer.swift */,
				C6D62EC729F6FF9700B33E9D /* WeatherSuccessView.swift */,
				C642C5C62A032BE50090AE4D /* WeatherErrorView.swift */,
			);
			path = View;
			sourceTree = "<group>";
		};
		C6D62EDF29F700DA00B33E9D /* ViewModel */ = {
			isa = PBXGroup;
			children = (
				C62FC82C29FB3230001945E7 /* WeatherViewModel.swift */,
				C6D62EF829F73C4E00B33E9D /* WeatherViewModelImpl.swift */,
			);
			path = ViewModel;
			sourceTree = "<group>";
		};
		C6D62EE029F700F600B33E9D /* Helpers */ = {
			isa = PBXGroup;
			children = (
				C6D62F2B29F8A02E00B33E9D /* Fonts */,
				C6D62F2529F89CE800B33E9D /* CustomUIElements */,
				C6D62F2229F8940100B33E9D /* Extensions */,
				C68A270C29FDDAA100862000 /* ImageCache.swift */,
				C6D62EE229F7010E00B33E9D /* Resources.swift */,
			);
			path = Helpers;
			sourceTree = "<group>";
		};
		C6D62EE429F7280600B33E9D /* Modules */ = {
			isa = PBXGroup;
			children = (
				C6D62EFA29F73CDB00B33E9D /* WeatherModule */,
				C6D62F0F29F74ECC00B33E9D /* SearchModule */,
			);
			path = Modules;
			sourceTree = "<group>";
		};
		C6D62EFA29F73CDB00B33E9D /* WeatherModule */ = {
			isa = PBXGroup;
			children = (
				C63D93932A0481380006BFE8 /* Builder */,
				C6D630AA29F8AB2500B33E9D /* Elements */,
				C6D62EDE29F700D700B33E9D /* View */,
				C6D62EDF29F700DA00B33E9D /* ViewModel */,
			);
			path = WeatherModule;
			sourceTree = "<group>";
		};
		C6D62EFB29F73CF200B33E9D /* MainFlow */ = {
			isa = PBXGroup;
			children = (
				C6D630B929F9F1B900B33E9D /* MainFlowCoordinator.swift */,
				C6D62F0D29F74C6000B33E9D /* MainFlowCoordinatorImplementation.swift */,
				C62FC82E29FB32B2001945E7 /* MainFlowNavigation.swift */,
			);
			path = MainFlow;
			sourceTree = "<group>";
		};
		C6D62F0829F7456500B33E9D /* FlowFactory */ = {
			isa = PBXGroup;
			children = (
				C6D62F0929F7457400B33E9D /* FlowFactory.swift */,
				C6D62F0B29F745BE00B33E9D /* FlowFactoryImplementation.swift */,
			);
			path = FlowFactory;
			sourceTree = "<group>";
		};
		C6D62F0F29F74ECC00B33E9D /* SearchModule */ = {
			isa = PBXGroup;
			children = (
				C63D93962A0482190006BFE8 /* Builder */,
				C62FC84429FC6F1E001945E7 /* ViewModel */,
				C62FC84129FC6EF6001945E7 /* View */,
				C62FC84029FC6EC5001945E7 /* Elements */,
			);
			path = SearchModule;
			sourceTree = "<group>";
		};
		C6D62F1429F7504600B33E9D /* Dependencies */ = {
			isa = PBXGroup;
			children = (
				C6D62F1729F750A500B33E9D /* DIContainer.swift */,
			);
			path = Dependencies;
			sourceTree = "<group>";
		};
		C6D62F1929F777E800B33E9D /* Base */ = {
			isa = PBXGroup;
			children = (
				C62FC83829FB5E57001945E7 /* Screens */,
				C6D62F1A29F777F600B33E9D /* ViewModel.swift */,
				C6D62F1E29F7831E00B33E9D /* AppCoordinator.swift */,
				C6D62F2029F7835900B33E9D /* AppNavigation.swift */,
			);
			path = Base;
			sourceTree = "<group>";
		};
		C6D62F2229F8940100B33E9D /* Extensions */ = {
			isa = PBXGroup;
			children = (
				C6D62F2329F8941000B33E9D /* UIColor+Extension.swift */,
				C62FC83229FB42CC001945E7 /* UIView+ Extension.swift */,
				C68A270A29FDD7C600862000 /* UIImageView + Extension.swift */,
				C68A271E2A00A5F400862000 /* UIViewController+Extension.swift */,
			);
			path = Extensions;
			sourceTree = "<group>";
		};
		C6D62F2529F89CE800B33E9D /* CustomUIElements */ = {
			isa = PBXGroup;
			children = (
				C6D62F2629F89CF900B33E9D /* CustomLabel.swift */,
			);
			path = CustomUIElements;
			sourceTree = "<group>";
		};
		C6D62F2B29F8A02E00B33E9D /* Fonts */ = {
			isa = PBXGroup;
			children = (
				C6D62FEA29F8A08900B33E9D /* Asap */,
			);
			path = Fonts;
			sourceTree = "<group>";
		};
		C6D62FEA29F8A08900B33E9D /* Asap */ = {
			isa = PBXGroup;
			children = (
				C6D62FEB29F8A08900B33E9D /* Asap-VariableFont_wdth,wght.ttf */,
				C6D62FEC29F8A08900B33E9D /* static */,
				C6D6304729F8A08A00B33E9D /* OFL.txt */,
				C6D6304829F8A08A00B33E9D /* Asap-Italic-VariableFont_wdth,wght.ttf */,
				C6D6304929F8A08A00B33E9D /* README.txt */,
			);
			path = Asap;
			sourceTree = "<group>";
		};
		C6D62FEC29F8A08900B33E9D /* static */ = {
			isa = PBXGroup;
			children = (
				C6D62FED29F8A08900B33E9D /* Asap_SemiCondensed-MediumItalic.ttf */,
				C6D62FEE29F8A08900B33E9D /* Asap-ExtraLight.ttf */,
				C6D62FEF29F8A08900B33E9D /* Asap_SemiCondensed-Italic.ttf */,
				C6D62FF029F8A08900B33E9D /* Asap-ThinItalic.ttf */,
				C6D62FF129F8A08900B33E9D /* Asap_Expanded-Light.ttf */,
				C6D62FF229F8A08900B33E9D /* Asap-Thin.ttf */,
				C6D62FF329F8A08900B33E9D /* Asap_Condensed-BlackItalic.ttf */,
				C6D62FF429F8A08900B33E9D /* Asap-ExtraBold.ttf */,
				C6D62FF529F8A08900B33E9D /* Asap_SemiExpanded-SemiBold.ttf */,
				C6D62FF629F8A08900B33E9D /* Asap-BoldItalic.ttf */,
				C6D62FF729F8A08900B33E9D /* Asap_Condensed-MediumItalic.ttf */,
				C6D62FF829F8A08900B33E9D /* Asap-MediumItalic.ttf */,
				C6D62FF929F8A08900B33E9D /* Asap_SemiExpanded-ExtraBold.ttf */,
				C6D62FFA29F8A08900B33E9D /* Asap_SemiCondensed-ExtraLightItalic.ttf */,
				C6D62FFB29F8A08900B33E9D /* Asap_Condensed-ThinItalic.ttf */,
				C6D62FFC29F8A08900B33E9D /* Asap_SemiExpanded-MediumItalic.ttf */,
				C6D62FFD29F8A08900B33E9D /* Asap-BlackItalic.ttf */,
				C6D62FFE29F8A08900B33E9D /* Asap_Condensed-ExtraLight.ttf */,
				C6D62FFF29F8A08900B33E9D /* Asap_Expanded-LightItalic.ttf */,
				C6D6300029F8A08900B33E9D /* Asap_Expanded-Italic.ttf */,
				C6D6300129F8A08900B33E9D /* Asap-Medium.ttf */,
				C6D6300229F8A08900B33E9D /* Asap-Bold.ttf */,
				C6D6300329F8A08900B33E9D /* Asap_SemiExpanded-Regular.ttf */,
				C6D6300429F8A08900B33E9D /* Asap_Condensed-BoldItalic.ttf */,
				C6D6300529F8A08900B33E9D /* Asap_Condensed-Black.ttf */,
				C6D6300629F8A08900B33E9D /* Asap_SemiCondensed-Regular.ttf */,
				C6D6300729F8A08900B33E9D /* Asap_SemiExpanded-ExtraLightItalic.ttf */,
				C6D6300829F8A08900B33E9D /* Asap_Condensed-SemiBoldItalic.ttf */,
				C6D6300929F8A08900B33E9D /* Asap_Expanded-ExtraBold.ttf */,
				C6D6300A29F8A08900B33E9D /* Asap_Expanded-BoldItalic.ttf */,
				C6D6300B29F8A08900B33E9D /* Asap-LightItalic.ttf */,
				C6D6300C29F8A08900B33E9D /* Asap-ExtraLightItalic.ttf */,
				C6D6300D29F8A08900B33E9D /* Asap_SemiCondensed-Black.ttf */,
				C6D6300E29F8A08900B33E9D /* Asap_Expanded-ExtraLight.ttf */,
				C6D6300F29F8A08900B33E9D /* Asap_Expanded-BlackItalic.ttf */,
				C6D6301029F8A08900B33E9D /* Asap_Expanded-Thin.ttf */,
				C6D6301129F8A08900B33E9D /* Asap_Expanded-ThinItalic.ttf */,
				C6D6301229F8A08900B33E9D /* Asap_Expanded-SemiBoldItalic.ttf */,
				C6D6301329F8A08900B33E9D /* Asap_SemiExpanded-Italic.ttf */,
				C6D6301429F8A08900B33E9D /* Asap_Condensed-Medium.ttf */,
				C6D6301529F8A08900B33E9D /* Asap-SemiBoldItalic.ttf */,
				C6D6301629F8A08900B33E9D /* Asap_SemiCondensed-ExtraBold.ttf */,
				C6D6301729F8A08900B33E9D /* Asap_SemiExpanded-ExtraBoldItalic.ttf */,
				C6D6301829F8A08900B33E9D /* Asap_Expanded-Bold.ttf */,
				C6D6301929F8A08900B33E9D /* Asap_Condensed-LightItalic.ttf */,
				C6D6301A29F8A08900B33E9D /* Asap_SemiCondensed-ExtraBoldItalic.ttf */,
				C6D6301B29F8A08900B33E9D /* Asap-Regular.ttf */,
				C6D6301C29F8A08900B33E9D /* Asap-SemiBold.ttf */,
				C6D6301D29F8A08900B33E9D /* Asap_SemiExpanded-Light.ttf */,
				C6D6301E29F8A08900B33E9D /* Asap-Black.ttf */,
				C6D6301F29F8A08900B33E9D /* Asap-ExtraBoldItalic.ttf */,
				C6D6302029F8A08900B33E9D /* Asap_SemiCondensed-ThinItalic.ttf */,
				C6D6302129F8A08900B33E9D /* Asap_Expanded-SemiBold.ttf */,
				C6D6302229F8A08900B33E9D /* Asap_SemiCondensed-SemiBoldItalic.ttf */,
				C6D6302329F8A08900B33E9D /* Asap_Condensed-ExtraLightItalic.ttf */,
				C6D6302429F8A08900B33E9D /* Asap_SemiExpanded-Medium.ttf */,
				C6D6302529F8A08900B33E9D /* Asap_Condensed-Italic.ttf */,
				C6D6302629F8A08900B33E9D /* Asap_SemiCondensed-ExtraLight.ttf */,
				C6D6302729F8A08900B33E9D /* Asap_SemiCondensed-BlackItalic.ttf */,
				C6D6302829F8A08900B33E9D /* Asap_SemiExpanded-LightItalic.ttf */,
				C6D6302929F8A08900B33E9D /* Asap_SemiExpanded-Black.ttf */,
				C6D6302A29F8A08A00B33E9D /* Asap-Light.ttf */,
				C6D6302B29F8A08A00B33E9D /* Asap_SemiCondensed-BoldItalic.ttf */,
				C6D6302C29F8A08A00B33E9D /* Asap_SemiCondensed-SemiBold.ttf */,
				C6D6302D29F8A08A00B33E9D /* Asap_SemiExpanded-Bold.ttf */,
				C6D6302E29F8A08A00B33E9D /* Asap_Condensed-Thin.ttf */,
				C6D6302F29F8A08A00B33E9D /* Asap_Condensed-Bold.ttf */,
				C6D6303029F8A08A00B33E9D /* Asap_SemiExpanded-Thin.ttf */,
				C6D6303129F8A08A00B33E9D /* Asap_Expanded-MediumItalic.ttf */,
				C6D6303229F8A08A00B33E9D /* Asap_SemiExpanded-BoldItalic.ttf */,
				C6D6303329F8A08A00B33E9D /* Asap_Condensed-Regular.ttf */,
				C6D6303429F8A08A00B33E9D /* Asap_SemiExpanded-ThinItalic.ttf */,
				C6D6303529F8A08A00B33E9D /* Asap_Condensed-ExtraBold.ttf */,
				C6D6303629F8A08A00B33E9D /* Asap_Expanded-Regular.ttf */,
				C6D6303729F8A08A00B33E9D /* Asap_SemiCondensed-Light.ttf */,
				C6D6303829F8A08A00B33E9D /* Asap_SemiExpanded-ExtraLight.ttf */,
				C6D6303929F8A08A00B33E9D /* Asap_Condensed-ExtraBoldItalic.ttf */,
				C6D6303A29F8A08A00B33E9D /* Asap_Condensed-SemiBold.ttf */,
				C6D6303B29F8A08A00B33E9D /* Asap_SemiCondensed-Bold.ttf */,
				C6D6303C29F8A08A00B33E9D /* Asap_SemiCondensed-Medium.ttf */,
				C6D6303D29F8A08A00B33E9D /* Asap_Condensed-Light.ttf */,
				C6D6303E29F8A08A00B33E9D /* Asap_Expanded-ExtraBoldItalic.ttf */,
				C6D6303F29F8A08A00B33E9D /* Asap_Expanded-Black.ttf */,
				C6D6304029F8A08A00B33E9D /* Asap_Expanded-Medium.ttf */,
				C6D6304129F8A08A00B33E9D /* Asap-Italic.ttf */,
				C6D6304229F8A08A00B33E9D /* Asap_SemiCondensed-LightItalic.ttf */,
				C6D6304329F8A08A00B33E9D /* Asap_Expanded-ExtraLightItalic.ttf */,
				C6D6304429F8A08A00B33E9D /* Asap_SemiCondensed-Thin.ttf */,
				C6D6304529F8A08A00B33E9D /* Asap_SemiExpanded-BlackItalic.ttf */,
				C6D6304629F8A08A00B33E9D /* Asap_SemiExpanded-SemiBoldItalic.ttf */,
			);
			path = static;
			sourceTree = "<group>";
		};
		C6D630AA29F8AB2500B33E9D /* Elements */ = {
			isa = PBXGroup;
			children = (
				C6BA936B2A049B02001CEF69 /* FiveDaysView.swift */,
				C6BA93692A049B02001CEF69 /* TemperatureView.swift */,
				C6BA936A2A049B02001CEF69 /* WeekDayView.swift */,
			);
			path = Elements;
			sourceTree = "<group>";
		};
		C6D630B229F9D95200B33E9D /* NetworkService */ = {
			isa = PBXGroup;
			children = (
				C6D630B329F9D95C00B33E9D /* NetworkService.swift */,
				C62FC84B29FCA057001945E7 /* NetworkServiceImplementation.swift */,
			);
			path = NetworkService;
			sourceTree = "<group>";
		};
/* End PBXGroup section */

/* Begin PBXNativeTarget section */
		C6D62EBF29F6FF9700B33E9D /* Neobis_iOS_WeatherApp */ = {
			isa = PBXNativeTarget;
			buildConfigurationList = C6D62ED429F6FF9800B33E9D /* Build configuration list for PBXNativeTarget "Neobis_iOS_WeatherApp" */;
			buildPhases = (
				6D21A17F7F04698C5667CB44 /* [CP] Check Pods Manifest.lock */,
				C6D62EBC29F6FF9700B33E9D /* Sources */,
				C6D62EBD29F6FF9700B33E9D /* Frameworks */,
				C6D62EBE29F6FF9700B33E9D /* Resources */,
				47DA678762D924B24859EC95 /* [CP] Embed Pods Frameworks */,
				C6FDFCF42A0C95F200805DBD /* Swiftlint */,
			);
			buildRules = (
			);
			dependencies = (
			);
			name = Neobis_iOS_WeatherApp;
			productName = Neobis_iOS_WeatherApp;
			productReference = C6D62EC029F6FF9700B33E9D /* Neobis_iOS_WeatherApp.app */;
			productType = "com.apple.product-type.application";
		};
/* End PBXNativeTarget section */

/* Begin PBXProject section */
		C6D62EB829F6FF9700B33E9D /* Project object */ = {
			isa = PBXProject;
			attributes = {
				BuildIndependentTargetsInParallel = 1;
				LastSwiftUpdateCheck = 1410;
				LastUpgradeCheck = 1410;
				TargetAttributes = {
					C6D62EBF29F6FF9700B33E9D = {
						CreatedOnToolsVersion = 14.1;
					};
				};
			};
			buildConfigurationList = C6D62EBB29F6FF9700B33E9D /* Build configuration list for PBXProject "Neobis_iOS_WeatherApp" */;
			compatibilityVersion = "Xcode 14.0";
			developmentRegion = en;
			hasScannedForEncodings = 0;
			knownRegions = (
				en,
				Base,
			);
			mainGroup = C6D62EB729F6FF9700B33E9D;
			productRefGroup = C6D62EC129F6FF9700B33E9D /* Products */;
			projectDirPath = "";
			projectRoot = "";
			targets = (
				C6D62EBF29F6FF9700B33E9D /* Neobis_iOS_WeatherApp */,
			);
		};
/* End PBXProject section */

/* Begin PBXResourcesBuildPhase section */
		C6D62EBE29F6FF9700B33E9D /* Resources */ = {
			isa = PBXResourcesBuildPhase;
			buildActionMask = 2147483647;
			files = (
				C6D6308929F8A08A00B33E9D /* Asap_SemiCondensed-BoldItalic.ttf in Resources */,
				C6D6304B29F8A08A00B33E9D /* Asap_SemiCondensed-MediumItalic.ttf in Resources */,
				C6D6305D29F8A08A00B33E9D /* Asap_Expanded-LightItalic.ttf in Resources */,
				C6D6309F29F8A08A00B33E9D /* Asap-Italic.ttf in Resources */,
				C6D6305629F8A08A00B33E9D /* Asap-MediumItalic.ttf in Resources */,
				C6D6309029F8A08A00B33E9D /* Asap_SemiExpanded-BoldItalic.ttf in Resources */,
				C6D6305829F8A08A00B33E9D /* Asap_SemiCondensed-ExtraLightItalic.ttf in Resources */,
				C6D6306D29F8A08A00B33E9D /* Asap_Expanded-BlackItalic.ttf in Resources */,
				C6D6307C29F8A08A00B33E9D /* Asap-Black.ttf in Resources */,
				C6D6309529F8A08A00B33E9D /* Asap_SemiCondensed-Light.ttf in Resources */,
				C6D630A129F8A08A00B33E9D /* Asap_Expanded-ExtraLightItalic.ttf in Resources */,
				C6D6309129F8A08A00B33E9D /* Asap_Condensed-Regular.ttf in Resources */,
				C6D6307029F8A08A00B33E9D /* Asap_Expanded-SemiBoldItalic.ttf in Resources */,
				C6D6307129F8A08A00B33E9D /* Asap_SemiExpanded-Italic.ttf in Resources */,
				C6D62ED029F6FF9800B33E9D /* LaunchScreen.storyboard in Resources */,
				C6D6306A29F8A08A00B33E9D /* Asap-ExtraLightItalic.ttf in Resources */,
				C6D6309329F8A08A00B33E9D /* Asap_Condensed-ExtraBold.ttf in Resources */,
				C6D6309E29F8A08A00B33E9D /* Asap_Expanded-Medium.ttf in Resources */,
				C6D6306429F8A08A00B33E9D /* Asap_SemiCondensed-Regular.ttf in Resources */,
				C6D630A629F8A08A00B33E9D /* Asap-Italic-VariableFont_wdth,wght.ttf in Resources */,
				C6D6307929F8A08A00B33E9D /* Asap-Regular.ttf in Resources */,
				C6D630A529F8A08A00B33E9D /* OFL.txt in Resources */,
				C6D6309729F8A08A00B33E9D /* Asap_Condensed-ExtraBoldItalic.ttf in Resources */,
				C6D6305929F8A08A00B33E9D /* Asap_Condensed-ThinItalic.ttf in Resources */,
				C6D6309C29F8A08A00B33E9D /* Asap_Expanded-ExtraBoldItalic.ttf in Resources */,
				C6D6307A29F8A08A00B33E9D /* Asap-SemiBold.ttf in Resources */,
				C6D6307229F8A08A00B33E9D /* Asap_Condensed-Medium.ttf in Resources */,
				C6D6306629F8A08A00B33E9D /* Asap_Condensed-SemiBoldItalic.ttf in Resources */,
				C6D6308629F8A08A00B33E9D /* Asap_SemiExpanded-LightItalic.ttf in Resources */,
				C6D6306E29F8A08A00B33E9D /* Asap_Expanded-Thin.ttf in Resources */,
				C6D6309B29F8A08A00B33E9D /* Asap_Condensed-Light.ttf in Resources */,
				C6D6308F29F8A08A00B33E9D /* Asap_Expanded-MediumItalic.ttf in Resources */,
				C6D6308829F8A08A00B33E9D /* Asap-Light.ttf in Resources */,
				C6D6309D29F8A08A00B33E9D /* Asap_Expanded-Black.ttf in Resources */,
				C6D6308E29F8A08A00B33E9D /* Asap_SemiExpanded-Thin.ttf in Resources */,
				C6D6308029F8A08A00B33E9D /* Asap_SemiCondensed-SemiBoldItalic.ttf in Resources */,
				C6D6306929F8A08A00B33E9D /* Asap-LightItalic.ttf in Resources */,
				C6D6305E29F8A08A00B33E9D /* Asap_Expanded-Italic.ttf in Resources */,
				C6D6305B29F8A08A00B33E9D /* Asap-BlackItalic.ttf in Resources */,
				C6D6307B29F8A08A00B33E9D /* Asap_SemiExpanded-Light.ttf in Resources */,
				C6D6309929F8A08A00B33E9D /* Asap_SemiCondensed-Bold.ttf in Resources */,
				C6D6305029F8A08A00B33E9D /* Asap-Thin.ttf in Resources */,
				C6D630A429F8A08A00B33E9D /* Asap_SemiExpanded-SemiBoldItalic.ttf in Resources */,
				C6D6306229F8A08A00B33E9D /* Asap_Condensed-BoldItalic.ttf in Resources */,
				C6D6305129F8A08A00B33E9D /* Asap_Condensed-BlackItalic.ttf in Resources */,
				C6D6305529F8A08A00B33E9D /* Asap_Condensed-MediumItalic.ttf in Resources */,
				C6D62ECD29F6FF9800B33E9D /* Assets.xcassets in Resources */,
				C6D6308129F8A08A00B33E9D /* Asap_Condensed-ExtraLightItalic.ttf in Resources */,
				C6D6306F29F8A08A00B33E9D /* Asap_Expanded-ThinItalic.ttf in Resources */,
				C6D6306829F8A08A00B33E9D /* Asap_Expanded-BoldItalic.ttf in Resources */,
				C6D6305329F8A08A00B33E9D /* Asap_SemiExpanded-SemiBold.ttf in Resources */,
				C6D6308D29F8A08A00B33E9D /* Asap_Condensed-Bold.ttf in Resources */,
				C6D6305729F8A08A00B33E9D /* Asap_SemiExpanded-ExtraBold.ttf in Resources */,
				C6D6307E29F8A08A00B33E9D /* Asap_SemiCondensed-ThinItalic.ttf in Resources */,
				C6D6306529F8A08A00B33E9D /* Asap_SemiExpanded-ExtraLightItalic.ttf in Resources */,
				C6D6309829F8A08A00B33E9D /* Asap_Condensed-SemiBold.ttf in Resources */,
				C6D630A229F8A08A00B33E9D /* Asap_SemiCondensed-Thin.ttf in Resources */,
				C6D6304C29F8A08A00B33E9D /* Asap-ExtraLight.ttf in Resources */,
				C6D6307729F8A08A00B33E9D /* Asap_Condensed-LightItalic.ttf in Resources */,
				C6D630A329F8A08A00B33E9D /* Asap_SemiExpanded-BlackItalic.ttf in Resources */,
				C6D6304E29F8A08A00B33E9D /* Asap-ThinItalic.ttf in Resources */,
				C6D6306329F8A08A00B33E9D /* Asap_Condensed-Black.ttf in Resources */,
				C6D6304F29F8A08A00B33E9D /* Asap_Expanded-Light.ttf in Resources */,
				C6D6308329F8A08A00B33E9D /* Asap_Condensed-Italic.ttf in Resources */,
				C6D6307629F8A08A00B33E9D /* Asap_Expanded-Bold.ttf in Resources */,
				C6D6309429F8A08A00B33E9D /* Asap_Expanded-Regular.ttf in Resources */,
				C6D6309229F8A08A00B33E9D /* Asap_SemiExpanded-ThinItalic.ttf in Resources */,
				C6D6308229F8A08A00B33E9D /* Asap_SemiExpanded-Medium.ttf in Resources */,
				C6D6309A29F8A08A00B33E9D /* Asap_SemiCondensed-Medium.ttf in Resources */,
				C6D6306729F8A08A00B33E9D /* Asap_Expanded-ExtraBold.ttf in Resources */,
				C6D630A729F8A08A00B33E9D /* README.txt in Resources */,
				C6D6308C29F8A08A00B33E9D /* Asap_Condensed-Thin.ttf in Resources */,
				C6D6306129F8A08A00B33E9D /* Asap_SemiExpanded-Regular.ttf in Resources */,
				C6D6307D29F8A08A00B33E9D /* Asap-ExtraBoldItalic.ttf in Resources */,
				C6D630A029F8A08A00B33E9D /* Asap_SemiCondensed-LightItalic.ttf in Resources */,
				C6D6304A29F8A08A00B33E9D /* Asap-VariableFont_wdth,wght.ttf in Resources */,
				C6D6306C29F8A08A00B33E9D /* Asap_Expanded-ExtraLight.ttf in Resources */,
				C6D6305429F8A08A00B33E9D /* Asap-BoldItalic.ttf in Resources */,
				C6D6305C29F8A08A00B33E9D /* Asap_Condensed-ExtraLight.ttf in Resources */,
				C6D6305A29F8A08A00B33E9D /* Asap_SemiExpanded-MediumItalic.ttf in Resources */,
				C6D6306B29F8A08A00B33E9D /* Asap_SemiCondensed-Black.ttf in Resources */,
				C6D6308529F8A08A00B33E9D /* Asap_SemiCondensed-BlackItalic.ttf in Resources */,
				C6D6307F29F8A08A00B33E9D /* Asap_Expanded-SemiBold.ttf in Resources */,
				C6D6305229F8A08A00B33E9D /* Asap-ExtraBold.ttf in Resources */,
				C6D6308429F8A08A00B33E9D /* Asap_SemiCondensed-ExtraLight.ttf in Resources */,
				C6D6307829F8A08A00B33E9D /* Asap_SemiCondensed-ExtraBoldItalic.ttf in Resources */,
				C6D6308A29F8A08A00B33E9D /* Asap_SemiCondensed-SemiBold.ttf in Resources */,
				C6D6306029F8A08A00B33E9D /* Asap-Bold.ttf in Resources */,
				C6D6309629F8A08A00B33E9D /* Asap_SemiExpanded-ExtraLight.ttf in Resources */,
				C6D6305F29F8A08A00B33E9D /* Asap-Medium.ttf in Resources */,
				C6D6307329F8A08A00B33E9D /* Asap-SemiBoldItalic.ttf in Resources */,
				C6D6308B29F8A08A00B33E9D /* Asap_SemiExpanded-Bold.ttf in Resources */,
				C6D6308729F8A08A00B33E9D /* Asap_SemiExpanded-Black.ttf in Resources */,
				C6D6304D29F8A08A00B33E9D /* Asap_SemiCondensed-Italic.ttf in Resources */,
				C6D6307529F8A08A00B33E9D /* Asap_SemiExpanded-ExtraBoldItalic.ttf in Resources */,
				C6D6307429F8A08A00B33E9D /* Asap_SemiCondensed-ExtraBold.ttf in Resources */,
			);
			runOnlyForDeploymentPostprocessing = 0;
		};
/* End PBXResourcesBuildPhase section */

/* Begin PBXShellScriptBuildPhase section */
		47DA678762D924B24859EC95 /* [CP] Embed Pods Frameworks */ = {
			isa = PBXShellScriptBuildPhase;
			buildActionMask = 2147483647;
			files = (
			);
			inputFileListPaths = (
				"${PODS_ROOT}/Target Support Files/Pods-Neobis_iOS_WeatherApp/Pods-Neobis_iOS_WeatherApp-frameworks-${CONFIGURATION}-input-files.xcfilelist",
			);
			name = "[CP] Embed Pods Frameworks";
			outputFileListPaths = (
				"${PODS_ROOT}/Target Support Files/Pods-Neobis_iOS_WeatherApp/Pods-Neobis_iOS_WeatherApp-frameworks-${CONFIGURATION}-output-files.xcfilelist",
			);
			runOnlyForDeploymentPostprocessing = 0;
			shellPath = /bin/sh;
			shellScript = "\"${PODS_ROOT}/Target Support Files/Pods-Neobis_iOS_WeatherApp/Pods-Neobis_iOS_WeatherApp-frameworks.sh\"\n";
			showEnvVarsInLog = 0;
		};
		6D21A17F7F04698C5667CB44 /* [CP] Check Pods Manifest.lock */ = {
			isa = PBXShellScriptBuildPhase;
			buildActionMask = 2147483647;
			files = (
			);
			inputFileListPaths = (
			);
			inputPaths = (
				"${PODS_PODFILE_DIR_PATH}/Podfile.lock",
				"${PODS_ROOT}/Manifest.lock",
			);
			name = "[CP] Check Pods Manifest.lock";
			outputFileListPaths = (
			);
			outputPaths = (
				"$(DERIVED_FILE_DIR)/Pods-Neobis_iOS_WeatherApp-checkManifestLockResult.txt",
			);
			runOnlyForDeploymentPostprocessing = 0;
			shellPath = /bin/sh;
			shellScript = "diff \"${PODS_PODFILE_DIR_PATH}/Podfile.lock\" \"${PODS_ROOT}/Manifest.lock\" > /dev/null\nif [ $? != 0 ] ; then\n    # print error to STDERR\n    echo \"error: The sandbox is not in sync with the Podfile.lock. Run 'pod install' or update your CocoaPods installation.\" >&2\n    exit 1\nfi\n# This output is used by Xcode 'outputs' to avoid re-running this script phase.\necho \"SUCCESS\" > \"${SCRIPT_OUTPUT_FILE_0}\"\n";
			showEnvVarsInLog = 0;
		};
		C6FDFCF42A0C95F200805DBD /* Swiftlint */ = {
			isa = PBXShellScriptBuildPhase;
			buildActionMask = 2147483647;
			files = (
			);
			inputFileListPaths = (
			);
			inputPaths = (
			);
			name = Swiftlint;
			outputFileListPaths = (
			);
			outputPaths = (
			);
			runOnlyForDeploymentPostprocessing = 0;
			shellPath = /bin/sh;
			shellScript = "if [[ \"$(uname -m)\" == arm64 ]]; then\n    export PATH=\"/opt/homebrew/bin:$PATH\"\nfi\n\nif which swiftlint > /dev/null; then\n  swiftlint\nelse\n  echo \"warning: SwiftLint not installed, download from https://github.com/realm/SwiftLint\"\nfi\ngit diff --cached --name-only | grep \"\\.swift\" | while read filename; do\n    echo \"swiftlinting file $filename\";\n    swiftlint lint --path \"$(git rev-parse --show-toplevel)/${filename}\";\ndone\n";
		};
/* End PBXShellScriptBuildPhase section */

/* Begin PBXSourcesBuildPhase section */
		C6D62EBC29F6FF9700B33E9D /* Sources */ = {
			isa = PBXSourcesBuildPhase;
			buildActionMask = 2147483647;
			files = (
				C68A271F2A00A5F400862000 /* UIViewController+Extension.swift in Sources */,
				C65E85712A0C45C4004421F3 /* APIKey.swift in Sources */,
				C65F84282A09768400BB0F3D /* RequestType.swift in Sources */,
				C68A270D29FDDAA100862000 /* ImageCache.swift in Sources */,
				C6BA936D2A049B02001CEF69 /* WeekDayView.swift in Sources */,
				C62FC84C29FCA057001945E7 /* NetworkServiceImplementation.swift in Sources */,
				C65E857E2A0C535C004421F3 /* GeoRepositoryImpl.swift in Sources */,
				C62FC82D29FB3230001945E7 /* WeatherViewModel.swift in Sources */,
				C65F84362A09CDE200BB0F3D /* RequestBuilder.swift in Sources */,
				C68A270B29FDD7C600862000 /* UIImageView + Extension.swift in Sources */,
				C68A27272A00AB4900862000 /* SearchViewContainer.swift in Sources */,
				C62FC83329FB42CC001945E7 /* UIView+ Extension.swift in Sources */,
				C65E857A2A0C47CB004421F3 /* GeoRepository.swift in Sources */,
				C6D62F2429F8941000B33E9D /* UIColor+Extension.swift in Sources */,
				C68A27252A00AB1C00862000 /* WeatherViewContainer.swift in Sources */,
				C6D62F2129F7835900B33E9D /* AppNavigation.swift in Sources */,
				C68A270929FCB60000862000 /* CollectionViewCell.swift in Sources */,
				C62FC83C29FC60BB001945E7 /* AboutScreen.swift in Sources */,
				C6D630B429F9D95C00B33E9D /* NetworkService.swift in Sources */,
				C6D62EF929F73C4E00B33E9D /* WeatherViewModelImpl.swift in Sources */,
				C65F843B2A09D89000BB0F3D /* GeoRequest.swift in Sources */,
				C6D62F2729F89CF900B33E9D /* CustomLabel.swift in Sources */,
				C6D62F1329F74F1500B33E9D /* SearchViewModelImpl.swift in Sources */,
				C6BA936E2A049B02001CEF69 /* FiveDaysView.swift in Sources */,
				C65F84302A099D0E00BB0F3D /* URLEncoder.swift in Sources */,
				C6F21DD22A045331006C87B8 /* SearchLoadedView.swift in Sources */,
				C65E857C2A0C47E9004421F3 /* WeatherRepositoryImpl.swift in Sources */,
				C6BA936C2A049B02001CEF69 /* TemperatureView.swift in Sources */,
				C6D62F0E29F74C6000B33E9D /* MainFlowCoordinatorImplementation.swift in Sources */,
				C65F842E2A0999CD00BB0F3D /* WeatherRequest.swift in Sources */,
				C63D93982A0482220006BFE8 /* SearchModuleBuilder.swift in Sources */,
				C642C5C72A032BE50090AE4D /* WeatherErrorView.swift in Sources */,
				C6D630B629F9DCD100B33E9D /* GeoModelAPI.swift in Sources */,
				C6D62EC829F6FF9700B33E9D /* WeatherSuccessView.swift in Sources */,
				C6D62F0C29F745BE00B33E9D /* FlowFactoryImplementation.swift in Sources */,
				C6D62F1129F74EDD00B33E9D /* SearchViewController.swift in Sources */,
				C63D93952A04814A0006BFE8 /* WeatherModuleBuilder.swift in Sources */,
				C642C5C52A0327C70090AE4D /* WeatherViewController.swift in Sources */,
				C65E85732A0C45FF004421F3 /* GeoModelDomain.swift in Sources */,
				C6D62F1829F750A500B33E9D /* DIContainer.swift in Sources */,
				C6D62EE329F7010E00B33E9D /* Resources.swift in Sources */,
				C65F842A2A09771800BB0F3D /* HTTPMethod.swift in Sources */,
				C62FC84829FC7037001945E7 /* WeatherModelAPI.swift in Sources */,
				C6F21DD42A04534A006C87B8 /* SearchErrorView.swift in Sources */,
				C6D630B829F9E7C700B33E9D /* SearchView.swift in Sources */,
				C6D62F1F29F7831E00B33E9D /* AppCoordinator.swift in Sources */,
				C65F84342A09AF7C00BB0F3D /* Encoder.swift in Sources */,
				C6D62F1B29F777F600B33E9D /* ViewModel.swift in Sources */,
				C62FC84629FC6F3F001945E7 /* SearchViewModel.swift in Sources */,
				C62FC82F29FB32B2001945E7 /* MainFlowNavigation.swift in Sources */,
				C65E85772A0C478A004421F3 /* WeatherRepository.swift in Sources */,
				C62FC83A29FB5E5F001945E7 /* LoadingScreen.swift in Sources */,
				C6D62F0A29F7457400B33E9D /* FlowFactory.swift in Sources */,
				C6D62EC429F6FF9700B33E9D /* AppDelegate.swift in Sources */,
				C6D62EC629F6FF9700B33E9D /* SceneDelegate.swift in Sources */,
				C63D939C2A0491D20006BFE8 /* WeatherModelDomain.swift in Sources */,
				C62FC84A29FC7821001945E7 /* ErrorScreen.swift in Sources */,
				C6D630BA29F9F1B900B33E9D /* MainFlowCoordinator.swift in Sources */,
				C63D939A2A048E5A0006BFE8 /* WeekDayModelDomain.swift in Sources */,
				C65F842C2A0978B900BB0F3D /* RequestConfig.swift in Sources */,
			);
			runOnlyForDeploymentPostprocessing = 0;
		};
/* End PBXSourcesBuildPhase section */

/* Begin PBXVariantGroup section */
		C6D62ECE29F6FF9800B33E9D /* LaunchScreen.storyboard */ = {
			isa = PBXVariantGroup;
			children = (
				C6D62ECF29F6FF9800B33E9D /* Base */,
			);
			name = LaunchScreen.storyboard;
			sourceTree = "<group>";
		};
/* End PBXVariantGroup section */

/* Begin XCBuildConfiguration section */
		C6D62ED229F6FF9800B33E9D /* Debug */ = {
			isa = XCBuildConfiguration;
			buildSettings = {
				ALWAYS_SEARCH_USER_PATHS = NO;
				CLANG_ANALYZER_NONNULL = YES;
				CLANG_ANALYZER_NUMBER_OBJECT_CONVERSION = YES_AGGRESSIVE;
				CLANG_CXX_LANGUAGE_STANDARD = "gnu++20";
				CLANG_ENABLE_MODULES = YES;
				CLANG_ENABLE_OBJC_ARC = YES;
				CLANG_ENABLE_OBJC_WEAK = YES;
				CLANG_WARN_BLOCK_CAPTURE_AUTORELEASING = YES;
				CLANG_WARN_BOOL_CONVERSION = YES;
				CLANG_WARN_COMMA = YES;
				CLANG_WARN_CONSTANT_CONVERSION = YES;
				CLANG_WARN_DEPRECATED_OBJC_IMPLEMENTATIONS = YES;
				CLANG_WARN_DIRECT_OBJC_ISA_USAGE = YES_ERROR;
				CLANG_WARN_DOCUMENTATION_COMMENTS = YES;
				CLANG_WARN_EMPTY_BODY = YES;
				CLANG_WARN_ENUM_CONVERSION = YES;
				CLANG_WARN_INFINITE_RECURSION = YES;
				CLANG_WARN_INT_CONVERSION = YES;
				CLANG_WARN_NON_LITERAL_NULL_CONVERSION = YES;
				CLANG_WARN_OBJC_IMPLICIT_RETAIN_SELF = YES;
				CLANG_WARN_OBJC_LITERAL_CONVERSION = YES;
				CLANG_WARN_OBJC_ROOT_CLASS = YES_ERROR;
				CLANG_WARN_QUOTED_INCLUDE_IN_FRAMEWORK_HEADER = YES;
				CLANG_WARN_RANGE_LOOP_ANALYSIS = YES;
				CLANG_WARN_STRICT_PROTOTYPES = YES;
				CLANG_WARN_SUSPICIOUS_MOVE = YES;
				CLANG_WARN_UNGUARDED_AVAILABILITY = YES_AGGRESSIVE;
				CLANG_WARN_UNREACHABLE_CODE = YES;
				CLANG_WARN__DUPLICATE_METHOD_MATCH = YES;
				COPY_PHASE_STRIP = NO;
				DEBUG_INFORMATION_FORMAT = dwarf;
				ENABLE_STRICT_OBJC_MSGSEND = YES;
				ENABLE_TESTABILITY = YES;
				GCC_C_LANGUAGE_STANDARD = gnu11;
				GCC_DYNAMIC_NO_PIC = NO;
				GCC_NO_COMMON_BLOCKS = YES;
				GCC_OPTIMIZATION_LEVEL = 0;
				GCC_PREPROCESSOR_DEFINITIONS = (
					"DEBUG=1",
					"$(inherited)",
				);
				GCC_WARN_64_TO_32_BIT_CONVERSION = YES;
				GCC_WARN_ABOUT_RETURN_TYPE = YES_ERROR;
				GCC_WARN_UNDECLARED_SELECTOR = YES;
				GCC_WARN_UNINITIALIZED_AUTOS = YES_AGGRESSIVE;
				GCC_WARN_UNUSED_FUNCTION = YES;
				GCC_WARN_UNUSED_VARIABLE = YES;
				IPHONEOS_DEPLOYMENT_TARGET = 14.0;
				MTL_ENABLE_DEBUG_INFO = INCLUDE_SOURCE;
				MTL_FAST_MATH = YES;
				ONLY_ACTIVE_ARCH = YES;
				SDKROOT = iphoneos;
				SWIFT_ACTIVE_COMPILATION_CONDITIONS = DEBUG;
				SWIFT_OPTIMIZATION_LEVEL = "-Onone";
			};
			name = Debug;
		};
		C6D62ED329F6FF9800B33E9D /* Release */ = {
			isa = XCBuildConfiguration;
			buildSettings = {
				ALWAYS_SEARCH_USER_PATHS = NO;
				CLANG_ANALYZER_NONNULL = YES;
				CLANG_ANALYZER_NUMBER_OBJECT_CONVERSION = YES_AGGRESSIVE;
				CLANG_CXX_LANGUAGE_STANDARD = "gnu++20";
				CLANG_ENABLE_MODULES = YES;
				CLANG_ENABLE_OBJC_ARC = YES;
				CLANG_ENABLE_OBJC_WEAK = YES;
				CLANG_WARN_BLOCK_CAPTURE_AUTORELEASING = YES;
				CLANG_WARN_BOOL_CONVERSION = YES;
				CLANG_WARN_COMMA = YES;
				CLANG_WARN_CONSTANT_CONVERSION = YES;
				CLANG_WARN_DEPRECATED_OBJC_IMPLEMENTATIONS = YES;
				CLANG_WARN_DIRECT_OBJC_ISA_USAGE = YES_ERROR;
				CLANG_WARN_DOCUMENTATION_COMMENTS = YES;
				CLANG_WARN_EMPTY_BODY = YES;
				CLANG_WARN_ENUM_CONVERSION = YES;
				CLANG_WARN_INFINITE_RECURSION = YES;
				CLANG_WARN_INT_CONVERSION = YES;
				CLANG_WARN_NON_LITERAL_NULL_CONVERSION = YES;
				CLANG_WARN_OBJC_IMPLICIT_RETAIN_SELF = YES;
				CLANG_WARN_OBJC_LITERAL_CONVERSION = YES;
				CLANG_WARN_OBJC_ROOT_CLASS = YES_ERROR;
				CLANG_WARN_QUOTED_INCLUDE_IN_FRAMEWORK_HEADER = YES;
				CLANG_WARN_RANGE_LOOP_ANALYSIS = YES;
				CLANG_WARN_STRICT_PROTOTYPES = YES;
				CLANG_WARN_SUSPICIOUS_MOVE = YES;
				CLANG_WARN_UNGUARDED_AVAILABILITY = YES_AGGRESSIVE;
				CLANG_WARN_UNREACHABLE_CODE = YES;
				CLANG_WARN__DUPLICATE_METHOD_MATCH = YES;
				COPY_PHASE_STRIP = NO;
				DEBUG_INFORMATION_FORMAT = "dwarf-with-dsym";
				ENABLE_NS_ASSERTIONS = NO;
				ENABLE_STRICT_OBJC_MSGSEND = YES;
				GCC_C_LANGUAGE_STANDARD = gnu11;
				GCC_NO_COMMON_BLOCKS = YES;
				GCC_WARN_64_TO_32_BIT_CONVERSION = YES;
				GCC_WARN_ABOUT_RETURN_TYPE = YES_ERROR;
				GCC_WARN_UNDECLARED_SELECTOR = YES;
				GCC_WARN_UNINITIALIZED_AUTOS = YES_AGGRESSIVE;
				GCC_WARN_UNUSED_FUNCTION = YES;
				GCC_WARN_UNUSED_VARIABLE = YES;
				IPHONEOS_DEPLOYMENT_TARGET = 14.0;
				MTL_ENABLE_DEBUG_INFO = NO;
				MTL_FAST_MATH = YES;
				SDKROOT = iphoneos;
				SWIFT_COMPILATION_MODE = wholemodule;
				SWIFT_OPTIMIZATION_LEVEL = "-O";
				VALIDATE_PRODUCT = YES;
			};
			name = Release;
		};
		C6D62ED529F6FF9800B33E9D /* Debug */ = {
			isa = XCBuildConfiguration;
			baseConfigurationReference = 671A104D7F1001FD8AB551B6 /* Pods-Neobis_iOS_WeatherApp.debug.xcconfig */;
			buildSettings = {
				ASSETCATALOG_COMPILER_APPICON_NAME = AppIcon;
				ASSETCATALOG_COMPILER_GLOBAL_ACCENT_COLOR_NAME = AccentColor;
				CODE_SIGN_STYLE = Automatic;
				CURRENT_PROJECT_VERSION = 1;
				GENERATE_INFOPLIST_FILE = YES;
				INFOPLIST_FILE = Neobis_iOS_WeatherApp/Resources/Info.plist;
				INFOPLIST_KEY_UIApplicationSupportsIndirectInputEvents = YES;
				INFOPLIST_KEY_UILaunchStoryboardName = LaunchScreen;
				INFOPLIST_KEY_UISupportedInterfaceOrientations_iPad = "UIInterfaceOrientationPortrait UIInterfaceOrientationPortraitUpsideDown UIInterfaceOrientationLandscapeLeft UIInterfaceOrientationLandscapeRight";
				INFOPLIST_KEY_UISupportedInterfaceOrientations_iPhone = "UIInterfaceOrientationPortrait UIInterfaceOrientationLandscapeLeft UIInterfaceOrientationLandscapeRight";
				LD_RUNPATH_SEARCH_PATHS = (
					"$(inherited)",
					"@executable_path/Frameworks",
				);
				MARKETING_VERSION = 1.0;
				PRODUCT_BUNDLE_IDENTIFIER = "ggg.Neobis-iOS-WeatherApp";
				PRODUCT_NAME = "$(TARGET_NAME)";
				SWIFT_EMIT_LOC_STRINGS = YES;
				SWIFT_VERSION = 5.0;
				TARGETED_DEVICE_FAMILY = "1,2";
			};
			name = Debug;
		};
		C6D62ED629F6FF9800B33E9D /* Release */ = {
			isa = XCBuildConfiguration;
			baseConfigurationReference = 3F6C4DDF2DB178C4279BEAC2 /* Pods-Neobis_iOS_WeatherApp.release.xcconfig */;
			buildSettings = {
				ASSETCATALOG_COMPILER_APPICON_NAME = AppIcon;
				ASSETCATALOG_COMPILER_GLOBAL_ACCENT_COLOR_NAME = AccentColor;
				CODE_SIGN_STYLE = Automatic;
				CURRENT_PROJECT_VERSION = 1;
				GENERATE_INFOPLIST_FILE = YES;
				INFOPLIST_FILE = Neobis_iOS_WeatherApp/Resources/Info.plist;
				INFOPLIST_KEY_UIApplicationSupportsIndirectInputEvents = YES;
				INFOPLIST_KEY_UILaunchStoryboardName = LaunchScreen;
				INFOPLIST_KEY_UISupportedInterfaceOrientations_iPad = "UIInterfaceOrientationPortrait UIInterfaceOrientationPortraitUpsideDown UIInterfaceOrientationLandscapeLeft UIInterfaceOrientationLandscapeRight";
				INFOPLIST_KEY_UISupportedInterfaceOrientations_iPhone = "UIInterfaceOrientationPortrait UIInterfaceOrientationLandscapeLeft UIInterfaceOrientationLandscapeRight";
				LD_RUNPATH_SEARCH_PATHS = (
					"$(inherited)",
					"@executable_path/Frameworks",
				);
				MARKETING_VERSION = 1.0;
				PRODUCT_BUNDLE_IDENTIFIER = "ggg.Neobis-iOS-WeatherApp";
				PRODUCT_NAME = "$(TARGET_NAME)";
				SWIFT_EMIT_LOC_STRINGS = YES;
				SWIFT_VERSION = 5.0;
				TARGETED_DEVICE_FAMILY = "1,2";
			};
			name = Release;
		};
/* End XCBuildConfiguration section */

/* Begin XCConfigurationList section */
		C6D62EBB29F6FF9700B33E9D /* Build configuration list for PBXProject "Neobis_iOS_WeatherApp" */ = {
			isa = XCConfigurationList;
			buildConfigurations = (
				C6D62ED229F6FF9800B33E9D /* Debug */,
				C6D62ED329F6FF9800B33E9D /* Release */,
			);
			defaultConfigurationIsVisible = 0;
			defaultConfigurationName = Release;
		};
		C6D62ED429F6FF9800B33E9D /* Build configuration list for PBXNativeTarget "Neobis_iOS_WeatherApp" */ = {
			isa = XCConfigurationList;
			buildConfigurations = (
				C6D62ED529F6FF9800B33E9D /* Debug */,
				C6D62ED629F6FF9800B33E9D /* Release */,
			);
			defaultConfigurationIsVisible = 0;
			defaultConfigurationName = Release;
		};
/* End XCConfigurationList section */
	};
	rootObject = C6D62EB829F6FF9700B33E9D /* Project object */;
}
